<?xml version="1.0" encoding="UTF-8"?>
<Scheme
   version = "1.3">
   <BuildAction>
      <BuildActionEntries>
         <BuildActionEntry
            buildForRunning = "YES"
            buildForTesting = "YES">
            <BuildableReference
               BuildableIdentifier = "primary"
               BlueprintIdentifier = "F009AE691BD9C5F8007F38A9"
               BuildableName = "TimeSlowerTests.xctest"
               BlueprintName = "TimeSlowerTests"
               ReferencedContainer = "container:TimeSlower.xcodeproj">
            </BuildableReference>
         </BuildActionEntry>
      </BuildActionEntries>
   </BuildAction>
   <TestAction
      buildConfiguration = "Debug">
      <Testables>
         <TestableReference>
            <BuildableReference
               BuildableIdentifier = "primary"
               BlueprintIdentifier = "F009AE691BD9C5F8007F38A9"
               BuildableName = "TimeSlowerTests.xctest"
               BlueprintName = "TimeSlowerTests"
               ReferencedContainer = "container:TimeSlower.xcodeproj">
            </BuildableReference>
         </TestableReference>
      </Testables>
   </TestAction>
   <LaunchAction
      useCustomWorkingDirectory = "NO">
   </LaunchAction>
</Scheme>
