// !$*UTF8*$!
{
	archiveVersion = 1;
	classes = {
	};
	objectVersion = 46;
	objects = {

/* Begin PBXBuildFile section */
		F009AE571BD9C5F8007F38A9 /* AppDelegate.swift in Sources */ = {isa = PBXBuildFile; fileRef = F009AE561BD9C5F8007F38A9 /* AppDelegate.swift */; };
		F009AE5C1BD9C5F8007F38A9 /* Main.storyboard in Resources */ = {isa = PBXBuildFile; fileRef = F009AE5A1BD9C5F8007F38A9 /* Main.storyboard */; };
		F009AE611BD9C5F8007F38A9 /* Assets.xcassets in Resources */ = {isa = PBXBuildFile; fileRef = F009AE601BD9C5F8007F38A9 /* Assets.xcassets */; };
		F009AE641BD9C5F8007F38A9 /* LaunchScreen.storyboard in Resources */ = {isa = PBXBuildFile; fileRef = F009AE621BD9C5F8007F38A9 /* LaunchScreen.storyboard */; };
		F009AE6F1BD9C5F8007F38A9 /* TimeSlowerTests.swift in Sources */ = {isa = PBXBuildFile; fileRef = F009AE6E1BD9C5F8007F38A9 /* TimeSlowerTests.swift */; };
		F009AE7A1BD9C5F8007F38A9 /* TimeSlowerUITests.swift in Sources */ = {isa = PBXBuildFile; fileRef = F009AE791BD9C5F8007F38A9 /* TimeSlowerUITests.swift */; };
		F009AE8F1BD9CBA2007F38A9 /* TimeSlowerKit.h in Headers */ = {isa = PBXBuildFile; fileRef = F009AE8E1BD9CBA2007F38A9 /* TimeSlowerKit.h */; settings = {ATTRIBUTES = (Public, ); }; };
		F009AEA11BD9CBA2007F38A9 /* TimeSlowerKit.framework in Frameworks */ = {isa = PBXBuildFile; fileRef = F009AE8C1BD9CBA2007F38A9 /* TimeSlowerKit.framework */; };
		F009AEA21BD9CBA2007F38A9 /* TimeSlowerKit.framework in Embed Frameworks */ = {isa = PBXBuildFile; fileRef = F009AE8C1BD9CBA2007F38A9 /* TimeSlowerKit.framework */; settings = {ATTRIBUTES = (CodeSignOnCopy, RemoveHeadersOnCopy, ); }; };
		F009AEB61BD9CC86007F38A9 /* Activity.swift in Sources */ = {isa = PBXBuildFile; fileRef = F009AEAA1BD9CC86007F38A9 /* Activity.swift */; settings = {ASSET_TAGS = (); }; };
		F009AEB71BD9CC86007F38A9 /* ActivityManage.swift in Sources */ = {isa = PBXBuildFile; fileRef = F009AEAB1BD9CC86007F38A9 /* ActivityManage.swift */; settings = {ASSET_TAGS = (); }; };
		F009AEB81BD9CC86007F38A9 /* ActivityNotifications.swift in Sources */ = {isa = PBXBuildFile; fileRef = F009AEAC1BD9CC86007F38A9 /* ActivityNotifications.swift */; settings = {ASSET_TAGS = (); }; };
		F009AEB91BD9CC86007F38A9 /* DayResults.swift in Sources */ = {isa = PBXBuildFile; fileRef = F009AEAD1BD9CC86007F38A9 /* DayResults.swift */; settings = {ASSET_TAGS = (); }; };
		F009AEBA1BD9CC86007F38A9 /* DayResultsManage.swift in Sources */ = {isa = PBXBuildFile; fileRef = F009AEAE1BD9CC86007F38A9 /* DayResultsManage.swift */; settings = {ASSET_TAGS = (); }; };
		F009AEBB1BD9CC86007F38A9 /* Profile.swift in Sources */ = {isa = PBXBuildFile; fileRef = F009AEAF1BD9CC86007F38A9 /* Profile.swift */; settings = {ASSET_TAGS = (); }; };
		F009AEBC1BD9CC86007F38A9 /* ProfileManageActivities.swift in Sources */ = {isa = PBXBuildFile; fileRef = F009AEB01BD9CC86007F38A9 /* ProfileManageActivities.swift */; settings = {ASSET_TAGS = (); }; };
		F009AEBD1BD9CC86007F38A9 /* ProfileManageStats.swift in Sources */ = {isa = PBXBuildFile; fileRef = F009AEB11BD9CC86007F38A9 /* ProfileManageStats.swift */; settings = {ASSET_TAGS = (); }; };
		F009AEBE1BD9CC86007F38A9 /* Stats.swift in Sources */ = {isa = PBXBuildFile; fileRef = F009AEB21BD9CC86007F38A9 /* Stats.swift */; settings = {ASSET_TAGS = (); }; };
		F009AEBF1BD9CC86007F38A9 /* StatsManage.swift in Sources */ = {isa = PBXBuildFile; fileRef = F009AEB31BD9CC86007F38A9 /* StatsManage.swift */; settings = {ASSET_TAGS = (); }; };
		F009AEC01BD9CC86007F38A9 /* Timing.swift in Sources */ = {isa = PBXBuildFile; fileRef = F009AEB41BD9CC86007F38A9 /* Timing.swift */; settings = {ASSET_TAGS = (); }; };
		F009AEC11BD9CC86007F38A9 /* TimingManage.swift in Sources */ = {isa = PBXBuildFile; fileRef = F009AEB51BD9CC86007F38A9 /* TimingManage.swift */; settings = {ASSET_TAGS = (); }; };
		F009AEC41BD9CD25007F38A9 /* CoreDataStack.swift in Sources */ = {isa = PBXBuildFile; fileRef = F009AEC31BD9CD25007F38A9 /* CoreDataStack.swift */; settings = {ASSET_TAGS = (); }; };
		F009AEC61BD9CD34007F38A9 /* LazyCalendar.swift in Sources */ = {isa = PBXBuildFile; fileRef = F009AEC51BD9CD34007F38A9 /* LazyCalendar.swift */; settings = {ASSET_TAGS = (); }; };
		F009AECB1BD9CD49007F38A9 /* ISOCodes.txt in Resources */ = {isa = PBXBuildFile; fileRef = F009AEC71BD9CD49007F38A9 /* ISOCodes.txt */; settings = {ASSET_TAGS = (); }; };
		F009AECC1BD9CD49007F38A9 /* LifeExpacity2013.txt in Resources */ = {isa = PBXBuildFile; fileRef = F009AEC81BD9CD49007F38A9 /* LifeExpacity2013.txt */; settings = {ASSET_TAGS = (); }; };
		F009AECD1BD9CD49007F38A9 /* TimeSlower2.xcdatamodeld in Sources */ = {isa = PBXBuildFile; fileRef = F009AEC91BD9CD49007F38A9 /* TimeSlower2.xcdatamodeld */; settings = {ASSET_TAGS = (); }; };
		F009AED81BD9CEA4007F38A9 /* TimeSlowerKit.framework in Frameworks */ = {isa = PBXBuildFile; fileRef = F009AE8C1BD9CBA2007F38A9 /* TimeSlowerKit.framework */; settings = {ASSET_TAGS = (); }; };
		F009AEE11BD9CF11007F38A9 /* ActivityManageTest.swift in Sources */ = {isa = PBXBuildFile; fileRef = F009AEE01BD9CF11007F38A9 /* ActivityManageTest.swift */; settings = {ASSET_TAGS = (); }; };
		F009AEEA1BD9CF21007F38A9 /* DayResultsManageTest.swift in Sources */ = {isa = PBXBuildFile; fileRef = F009AEE21BD9CF21007F38A9 /* DayResultsManageTest.swift */; settings = {ASSET_TAGS = (); }; };
		F009AEEB1BD9CF21007F38A9 /* LazyCalendarTests.swift in Sources */ = {isa = PBXBuildFile; fileRef = F009AEE31BD9CF21007F38A9 /* LazyCalendarTests.swift */; settings = {ASSET_TAGS = (); }; };
		F009AEEC1BD9CF21007F38A9 /* ProfileManageActivitiesTest.swift in Sources */ = {isa = PBXBuildFile; fileRef = F009AEE41BD9CF21007F38A9 /* ProfileManageActivitiesTest.swift */; settings = {ASSET_TAGS = (); }; };
		F009AEED1BD9CF21007F38A9 /* ProfileManageStatsTest.swift in Sources */ = {isa = PBXBuildFile; fileRef = F009AEE51BD9CF21007F38A9 /* ProfileManageStatsTest.swift */; settings = {ASSET_TAGS = (); }; };
		F009AEEE1BD9CF21007F38A9 /* StatsManageTest.swift in Sources */ = {isa = PBXBuildFile; fileRef = F009AEE61BD9CF21007F38A9 /* StatsManageTest.swift */; settings = {ASSET_TAGS = (); }; };
		F009AEEF1BD9CF21007F38A9 /* TestCoreDataStack.swift in Sources */ = {isa = PBXBuildFile; fileRef = F009AEE71BD9CF21007F38A9 /* TestCoreDataStack.swift */; settings = {ASSET_TAGS = (); }; };
		F009AEF11BD9CF21007F38A9 /* TimingManageTest.swift in Sources */ = {isa = PBXBuildFile; fileRef = F009AEE91BD9CF21007F38A9 /* TimingManageTest.swift */; settings = {ASSET_TAGS = (); }; };
		F009AEF21BD9CF4A007F38A9 /* Activity.swift in Sources */ = {isa = PBXBuildFile; fileRef = F009AEAA1BD9CC86007F38A9 /* Activity.swift */; settings = {ASSET_TAGS = (); }; };
		F009AEF31BD9CF4A007F38A9 /* ActivityManage.swift in Sources */ = {isa = PBXBuildFile; fileRef = F009AEAB1BD9CC86007F38A9 /* ActivityManage.swift */; settings = {ASSET_TAGS = (); }; };
		F009AEF41BD9CF4A007F38A9 /* ActivityNotifications.swift in Sources */ = {isa = PBXBuildFile; fileRef = F009AEAC1BD9CC86007F38A9 /* ActivityNotifications.swift */; settings = {ASSET_TAGS = (); }; };
		F009AEF51BD9CF4A007F38A9 /* DayResults.swift in Sources */ = {isa = PBXBuildFile; fileRef = F009AEAD1BD9CC86007F38A9 /* DayResults.swift */; settings = {ASSET_TAGS = (); }; };
		F009AEF61BD9CF4A007F38A9 /* DayResultsManage.swift in Sources */ = {isa = PBXBuildFile; fileRef = F009AEAE1BD9CC86007F38A9 /* DayResultsManage.swift */; settings = {ASSET_TAGS = (); }; };
		F009AEF71BD9CF4A007F38A9 /* Profile.swift in Sources */ = {isa = PBXBuildFile; fileRef = F009AEAF1BD9CC86007F38A9 /* Profile.swift */; settings = {ASSET_TAGS = (); }; };
		F009AEF81BD9CF4A007F38A9 /* ProfileManageActivities.swift in Sources */ = {isa = PBXBuildFile; fileRef = F009AEB01BD9CC86007F38A9 /* ProfileManageActivities.swift */; settings = {ASSET_TAGS = (); }; };
		F009AEF91BD9CF4A007F38A9 /* ProfileManageStats.swift in Sources */ = {isa = PBXBuildFile; fileRef = F009AEB11BD9CC86007F38A9 /* ProfileManageStats.swift */; settings = {ASSET_TAGS = (); }; };
		F009AEFA1BD9CF4A007F38A9 /* Stats.swift in Sources */ = {isa = PBXBuildFile; fileRef = F009AEB21BD9CC86007F38A9 /* Stats.swift */; settings = {ASSET_TAGS = (); }; };
		F009AEFB1BD9CF4A007F38A9 /* StatsManage.swift in Sources */ = {isa = PBXBuildFile; fileRef = F009AEB31BD9CC86007F38A9 /* StatsManage.swift */; settings = {ASSET_TAGS = (); }; };
		F009AEFC1BD9CF4A007F38A9 /* Timing.swift in Sources */ = {isa = PBXBuildFile; fileRef = F009AEB41BD9CC86007F38A9 /* Timing.swift */; settings = {ASSET_TAGS = (); }; };
		F009AEFD1BD9CF4A007F38A9 /* TimingManage.swift in Sources */ = {isa = PBXBuildFile; fileRef = F009AEB51BD9CC86007F38A9 /* TimingManage.swift */; settings = {ASSET_TAGS = (); }; };
		F009AEFE1BD9CF53007F38A9 /* LazyCalendar.swift in Sources */ = {isa = PBXBuildFile; fileRef = F009AEC51BD9CD34007F38A9 /* LazyCalendar.swift */; settings = {ASSET_TAGS = (); }; };
		F009AEFF1BD9CF53007F38A9 /* CoreDataStack.swift in Sources */ = {isa = PBXBuildFile; fileRef = F009AEC31BD9CD25007F38A9 /* CoreDataStack.swift */; settings = {ASSET_TAGS = (); }; };
		F009AF001BD9CF57007F38A9 /* ISOCodes.txt in Resources */ = {isa = PBXBuildFile; fileRef = F009AEC71BD9CD49007F38A9 /* ISOCodes.txt */; settings = {ASSET_TAGS = (); }; };
		F009AF011BD9CF57007F38A9 /* LifeExpacity2013.txt in Resources */ = {isa = PBXBuildFile; fileRef = F009AEC81BD9CD49007F38A9 /* LifeExpacity2013.txt */; settings = {ASSET_TAGS = (); }; };
		F009AF021BD9CF5B007F38A9 /* TimeSlower2.xcdatamodeld in Sources */ = {isa = PBXBuildFile; fileRef = F009AEC91BD9CD49007F38A9 /* TimeSlower2.xcdatamodeld */; settings = {ASSET_TAGS = (); }; };
		F009AF061BDAA020007F38A9 /* NSDate+Extension.swift in Sources */ = {isa = PBXBuildFile; fileRef = F009AF051BDAA020007F38A9 /* NSDate+Extension.swift */; settings = {ASSET_TAGS = (); }; };
		F009AF181BDADE19007F38A9 /* SourceSansPro-Black.ttf in Resources */ = {isa = PBXBuildFile; fileRef = F009AF131BDADE19007F38A9 /* SourceSansPro-Black.ttf */; settings = {ASSET_TAGS = (); }; };
		F009AF191BDADE19007F38A9 /* SourceSansPro-Bold.ttf in Resources */ = {isa = PBXBuildFile; fileRef = F009AF141BDADE19007F38A9 /* SourceSansPro-Bold.ttf */; settings = {ASSET_TAGS = (); }; };
		F009AF1A1BDADE19007F38A9 /* SourceSansPro-Light.ttf in Resources */ = {isa = PBXBuildFile; fileRef = F009AF151BDADE19007F38A9 /* SourceSansPro-Light.ttf */; settings = {ASSET_TAGS = (); }; };
		F009AF1B1BDADE19007F38A9 /* SourceSansPro-Regular.ttf in Resources */ = {isa = PBXBuildFile; fileRef = F009AF161BDADE19007F38A9 /* SourceSansPro-Regular.ttf */; settings = {ASSET_TAGS = (); }; };
		F009AF1C1BDADE19007F38A9 /* SourceSansPro-Semibold.ttf in Resources */ = {isa = PBXBuildFile; fileRef = F009AF171BDADE19007F38A9 /* SourceSansPro-Semibold.ttf */; settings = {ASSET_TAGS = (); }; };
		F009AF201BDADED8007F38A9 /* Menu.storyboard in Resources */ = {isa = PBXBuildFile; fileRef = F009AF1F1BDADED8007F38A9 /* Menu.storyboard */; settings = {ASSET_TAGS = (); }; };
		F009AF221BDAE39F007F38A9 /* MenuVC.swift in Sources */ = {isa = PBXBuildFile; fileRef = F009AF211BDAE39F007F38A9 /* MenuVC.swift */; settings = {ASSET_TAGS = (); }; };
		F009AF241BDAE4BE007F38A9 /* Stats.storyboard in Resources */ = {isa = PBXBuildFile; fileRef = F009AF231BDAE4BE007F38A9 /* Stats.storyboard */; settings = {ASSET_TAGS = (); }; };
		F009AF291BDAE571007F38A9 /* CircleStatsVC.swift in Sources */ = {isa = PBXBuildFile; fileRef = F009AF251BDAE571007F38A9 /* CircleStatsVC.swift */; settings = {ASSET_TAGS = (); }; };
		F009AF2A1BDAE571007F38A9 /* MainScreenContainerVC.swift in Sources */ = {isa = PBXBuildFile; fileRef = F009AF261BDAE571007F38A9 /* MainScreenContainerVC.swift */; settings = {ASSET_TAGS = (); }; };
		F009AF2B1BDAE571007F38A9 /* MainScreenVC.swift in Sources */ = {isa = PBXBuildFile; fileRef = F009AF271BDAE571007F38A9 /* MainScreenVC.swift */; settings = {ASSET_TAGS = (); }; };
		F009AF2C1BDAE571007F38A9 /* MainScreenVCConstraints.swift in Sources */ = {isa = PBXBuildFile; fileRef = F009AF281BDAE571007F38A9 /* MainScreenVCConstraints.swift */; settings = {ASSET_TAGS = (); }; };
		F009AF2F1BDAE61B007F38A9 /* UIColor+Extension.swift in Sources */ = {isa = PBXBuildFile; fileRef = F009AF2E1BDAE61B007F38A9 /* UIColor+Extension.swift */; settings = {ASSET_TAGS = (); }; };
		F009AF311BDB0D60007F38A9 /* Float+Double+Extension.swift in Sources */ = {isa = PBXBuildFile; fileRef = F009AF301BDB0D60007F38A9 /* Float+Double+Extension.swift */; settings = {ASSET_TAGS = (); }; };
		F009AF331BDB0E1D007F38A9 /* Constants.swift in Sources */ = {isa = PBXBuildFile; fileRef = F009AF321BDB0E1D007F38A9 /* Constants.swift */; settings = {ASSET_TAGS = (); }; };
		F009AF351BDB0E9D007F38A9 /* NotificationManager.swift in Sources */ = {isa = PBXBuildFile; fileRef = F009AF341BDB0E9D007F38A9 /* NotificationManager.swift */; settings = {ASSET_TAGS = (); }; };
		F009AF371BDB0F45007F38A9 /* Activities.storyboard in Resources */ = {isa = PBXBuildFile; fileRef = F009AF361BDB0F45007F38A9 /* Activities.storyboard */; settings = {ASSET_TAGS = (); }; };
		F009AF391BDB0FEA007F38A9 /* Profile.storyboard in Resources */ = {isa = PBXBuildFile; fileRef = F009AF381BDB0FEA007F38A9 /* Profile.storyboard */; settings = {ASSET_TAGS = (); }; };
		F009AF441BDB1061007F38A9 /* ActivityMotivationVC.swift in Sources */ = {isa = PBXBuildFile; fileRef = F009AF3A1BDB1061007F38A9 /* ActivityMotivationVC.swift */; settings = {ASSET_TAGS = (); }; };
		F009AF451BDB1061007F38A9 /* ActivityMotivationVCConstraints.swift in Sources */ = {isa = PBXBuildFile; fileRef = F009AF3B1BDB1061007F38A9 /* ActivityMotivationVCConstraints.swift */; settings = {ASSET_TAGS = (); }; };
		F009AF461BDB1061007F38A9 /* ActivityStatsVC.swift in Sources */ = {isa = PBXBuildFile; fileRef = F009AF3C1BDB1061007F38A9 /* ActivityStatsVC.swift */; settings = {ASSET_TAGS = (); }; };
		F009AF471BDB1061007F38A9 /* ActivityStatsVCConstraints.swift in Sources */ = {isa = PBXBuildFile; fileRef = F009AF3D1BDB1061007F38A9 /* ActivityStatsVCConstraints.swift */; settings = {ASSET_TAGS = (); }; };
		F009AF481BDB1061007F38A9 /* DotsPageViewController.swift in Sources */ = {isa = PBXBuildFile; fileRef = F009AF3E1BDB1061007F38A9 /* DotsPageViewController.swift */; settings = {ASSET_TAGS = (); }; };
		F009AF491BDB1061007F38A9 /* EditActivityVC.swift in Sources */ = {isa = PBXBuildFile; fileRef = F009AF3F1BDB1061007F38A9 /* EditActivityVC.swift */; settings = {ASSET_TAGS = (); }; };
		F009AF4A1BDB1061007F38A9 /* EditActivityVCConstraints.swift in Sources */ = {isa = PBXBuildFile; fileRef = F009AF401BDB1061007F38A9 /* EditActivityVCConstraints.swift */; settings = {ASSET_TAGS = (); }; };
		F009AF4B1BDB1061007F38A9 /* ListOfActivitiesVC.swift in Sources */ = {isa = PBXBuildFile; fileRef = F009AF411BDB1061007F38A9 /* ListOfActivitiesVC.swift */; settings = {ASSET_TAGS = (); }; };
		F009AF4C1BDB1061007F38A9 /* ListOfActivitiesVCConstraints.swift in Sources */ = {isa = PBXBuildFile; fileRef = F009AF421BDB1061007F38A9 /* ListOfActivitiesVCConstraints.swift */; settings = {ASSET_TAGS = (); }; };
		F009AF4D1BDB1061007F38A9 /* ShareVC.swift in Sources */ = {isa = PBXBuildFile; fileRef = F009AF431BDB1061007F38A9 /* ShareVC.swift */; settings = {ASSET_TAGS = (); }; };
		F009AF521BDB10A6007F38A9 /* ProfileEditingVC.swift in Sources */ = {isa = PBXBuildFile; fileRef = F009AF4E1BDB10A6007F38A9 /* ProfileEditingVC.swift */; settings = {ASSET_TAGS = (); }; };
		F009AF531BDB10A6007F38A9 /* ProfileEditingVCConstraints.swift in Sources */ = {isa = PBXBuildFile; fileRef = F009AF4F1BDB10A6007F38A9 /* ProfileEditingVCConstraints.swift */; settings = {ASSET_TAGS = (); }; };
		F009AF541BDB10A6007F38A9 /* ProfileStatsVC.swift in Sources */ = {isa = PBXBuildFile; fileRef = F009AF501BDB10A6007F38A9 /* ProfileStatsVC.swift */; settings = {ASSET_TAGS = (); }; };
		F009AF551BDB10A6007F38A9 /* ProfileStatsVCConstraints.swift in Sources */ = {isa = PBXBuildFile; fileRef = F009AF511BDB10A6007F38A9 /* ProfileStatsVCConstraints.swift */; settings = {ASSET_TAGS = (); }; };
		F009AF571BDB10FF007F38A9 /* NSObject+Extension.swift in Sources */ = {isa = PBXBuildFile; fileRef = F009AF561BDB10FF007F38A9 /* NSObject+Extension.swift */; settings = {ASSET_TAGS = (); }; };
		F009AF591BDB123A007F38A9 /* Motivator.swift in Sources */ = {isa = PBXBuildFile; fileRef = F009AF581BDB123A007F38A9 /* Motivator.swift */; settings = {ASSET_TAGS = (); }; };
		F009AF5F1BDB12D9007F38A9 /* CountryPicker.bundle in Resources */ = {isa = PBXBuildFile; fileRef = F009AF5C1BDB12D9007F38A9 /* CountryPicker.bundle */; settings = {ASSET_TAGS = (); }; };
		F009AF601BDB12D9007F38A9 /* CountryPicker.m in Sources */ = {isa = PBXBuildFile; fileRef = F009AF5E1BDB12D9007F38A9 /* CountryPicker.m */; settings = {ASSET_TAGS = (); }; };
		F009AF671BDB13E5007F38A9 /* CircularTimer.m in Sources */ = {isa = PBXBuildFile; fileRef = F009AF641BDB13E5007F38A9 /* CircularTimer.m */; settings = {ASSET_TAGS = (); }; };
		F009AF681BDB13E5007F38A9 /* MZTimerLabel.m in Sources */ = {isa = PBXBuildFile; fileRef = F009AF661BDB13E5007F38A9 /* MZTimerLabel.m */; settings = {ASSET_TAGS = (); }; };
		F009AF6B1BDB18E3007F38A9 /* NotificationRegister.swift in Sources */ = {isa = PBXBuildFile; fileRef = F009AF6A1BDB18E3007F38A9 /* NotificationRegister.swift */; settings = {ASSET_TAGS = (); }; };
		F009AF801BDB1935007F38A9 /* BasisSelector.swift in Sources */ = {isa = PBXBuildFile; fileRef = F009AF6C1BDB1935007F38A9 /* BasisSelector.swift */; settings = {ASSET_TAGS = (); }; };
		F009AF811BDB1935007F38A9 /* BasisSelector.xib in Resources */ = {isa = PBXBuildFile; fileRef = F009AF6D1BDB1935007F38A9 /* BasisSelector.xib */; settings = {ASSET_TAGS = (); }; };
		F009AF821BDB1935007F38A9 /* ChartView.swift in Sources */ = {isa = PBXBuildFile; fileRef = F009AF6E1BDB1935007F38A9 /* ChartView.swift */; settings = {ASSET_TAGS = (); }; };
		F009AF831BDB1935007F38A9 /* ChartView.xib in Resources */ = {isa = PBXBuildFile; fileRef = F009AF6F1BDB1935007F38A9 /* ChartView.xib */; settings = {ASSET_TAGS = (); }; };
		F009AF841BDB1935007F38A9 /* CircleProgress.swift in Sources */ = {isa = PBXBuildFile; fileRef = F009AF701BDB1935007F38A9 /* CircleProgress.swift */; settings = {ASSET_TAGS = (); }; };
		F009AF851BDB1935007F38A9 /* DaySelector.swift in Sources */ = {isa = PBXBuildFile; fileRef = F009AF711BDB1935007F38A9 /* DaySelector.swift */; settings = {ASSET_TAGS = (); }; };
		F009AF861BDB1935007F38A9 /* DaySelector.xib in Resources */ = {isa = PBXBuildFile; fileRef = F009AF721BDB1935007F38A9 /* DaySelector.xib */; settings = {ASSET_TAGS = (); }; };
		F009AF871BDB1935007F38A9 /* DefaultActivitySelector.swift in Sources */ = {isa = PBXBuildFile; fileRef = F009AF731BDB1935007F38A9 /* DefaultActivitySelector.swift */; settings = {ASSET_TAGS = (); }; };
		F009AF881BDB1935007F38A9 /* DefaultActivitySelector.xib in Resources */ = {isa = PBXBuildFile; fileRef = F009AF741BDB1935007F38A9 /* DefaultActivitySelector.xib */; settings = {ASSET_TAGS = (); }; };
		F009AF891BDB1935007F38A9 /* DefaultActivitySelectorCell.swift in Sources */ = {isa = PBXBuildFile; fileRef = F009AF751BDB1935007F38A9 /* DefaultActivitySelectorCell.swift */; settings = {ASSET_TAGS = (); }; };
		F009AF8A1BDB1935007F38A9 /* DefaultActivitySelectorCell.xib in Resources */ = {isa = PBXBuildFile; fileRef = F009AF761BDB1935007F38A9 /* DefaultActivitySelectorCell.xib */; settings = {ASSET_TAGS = (); }; };
		F009AF8B1BDB1935007F38A9 /* ListTypeSelector.swift in Sources */ = {isa = PBXBuildFile; fileRef = F009AF771BDB1935007F38A9 /* ListTypeSelector.swift */; settings = {ASSET_TAGS = (); }; };
		F009AF8C1BDB1935007F38A9 /* ListTypeSelector.xib in Resources */ = {isa = PBXBuildFile; fileRef = F009AF781BDB1935007F38A9 /* ListTypeSelector.xib */; settings = {ASSET_TAGS = (); }; };
		F009AF8D1BDB1935007F38A9 /* StandardActivityCell.swift in Sources */ = {isa = PBXBuildFile; fileRef = F009AF791BDB1935007F38A9 /* StandardActivityCell.swift */; settings = {ASSET_TAGS = (); }; };
		F009AF8E1BDB1935007F38A9 /* StandardActivityCell.xib in Resources */ = {isa = PBXBuildFile; fileRef = F009AF7A1BDB1935007F38A9 /* StandardActivityCell.xib */; settings = {ASSET_TAGS = (); }; };
		F009AF8F1BDB1935007F38A9 /* TimerExtension.swift in Sources */ = {isa = PBXBuildFile; fileRef = F009AF7B1BDB1935007F38A9 /* TimerExtension.swift */; settings = {ASSET_TAGS = (); }; };
		F009AF901BDB1935007F38A9 /* TimeSaver.swift in Sources */ = {isa = PBXBuildFile; fileRef = F009AF7C1BDB1935007F38A9 /* TimeSaver.swift */; settings = {ASSET_TAGS = (); }; };
		F009AF911BDB1935007F38A9 /* TimeSaver.xib in Resources */ = {isa = PBXBuildFile; fileRef = F009AF7D1BDB1935007F38A9 /* TimeSaver.xib */; settings = {ASSET_TAGS = (); }; };
		F009AF921BDB1935007F38A9 /* TypeSelector.swift in Sources */ = {isa = PBXBuildFile; fileRef = F009AF7E1BDB1935007F38A9 /* TypeSelector.swift */; settings = {ASSET_TAGS = (); }; };
		F009AF931BDB1935007F38A9 /* TypeSelector.xib in Resources */ = {isa = PBXBuildFile; fileRef = F009AF7F1BDB1935007F38A9 /* TypeSelector.xib */; settings = {ASSET_TAGS = (); }; };
/* End PBXBuildFile section */

/* Begin PBXContainerItemProxy section */
		F009AE6B1BD9C5F8007F38A9 /* PBXContainerItemProxy */ = {
			isa = PBXContainerItemProxy;
			containerPortal = F009AE4B1BD9C5F8007F38A9 /* Project object */;
			proxyType = 1;
			remoteGlobalIDString = F009AE521BD9C5F8007F38A9;
			remoteInfo = TimeSlower;
		};
		F009AE761BD9C5F8007F38A9 /* PBXContainerItemProxy */ = {
			isa = PBXContainerItemProxy;
			containerPortal = F009AE4B1BD9C5F8007F38A9 /* Project object */;
			proxyType = 1;
			remoteGlobalIDString = F009AE521BD9C5F8007F38A9;
			remoteInfo = TimeSlower;
		};
		F009AE9F1BD9CBA2007F38A9 /* PBXContainerItemProxy */ = {
			isa = PBXContainerItemProxy;
			containerPortal = F009AE4B1BD9C5F8007F38A9 /* Project object */;
			proxyType = 1;
			remoteGlobalIDString = F009AE8B1BD9CBA2007F38A9;
			remoteInfo = TimeSlowerKit;
		};
		F009AED91BD9CEA4007F38A9 /* PBXContainerItemProxy */ = {
			isa = PBXContainerItemProxy;
			containerPortal = F009AE4B1BD9C5F8007F38A9 /* Project object */;
			proxyType = 1;
			remoteGlobalIDString = F009AE8B1BD9CBA2007F38A9;
			remoteInfo = TimeSlowerKit;
		};
/* End PBXContainerItemProxy section */

/* Begin PBXCopyFilesBuildPhase section */
		F009AEA61BD9CBA2007F38A9 /* Embed Frameworks */ = {
			isa = PBXCopyFilesBuildPhase;
			buildActionMask = 2147483647;
			dstPath = "";
			dstSubfolderSpec = 10;
			files = (
				F009AEA21BD9CBA2007F38A9 /* TimeSlowerKit.framework in Embed Frameworks */,
			);
			name = "Embed Frameworks";
			runOnlyForDeploymentPostprocessing = 0;
		};
/* End PBXCopyFilesBuildPhase section */

/* Begin PBXFileReference section */
		F009AE531BD9C5F8007F38A9 /* TimeSlower.app */ = {isa = PBXFileReference; explicitFileType = wrapper.application; includeInIndex = 0; path = TimeSlower.app; sourceTree = BUILT_PRODUCTS_DIR; };
		F009AE561BD9C5F8007F38A9 /* AppDelegate.swift */ = {isa = PBXFileReference; lastKnownFileType = sourcecode.swift; path = AppDelegate.swift; sourceTree = "<group>"; };
		F009AE5B1BD9C5F8007F38A9 /* Base */ = {isa = PBXFileReference; lastKnownFileType = file.storyboard; name = Base; path = Base.lproj/Main.storyboard; sourceTree = "<group>"; };
		F009AE601BD9C5F8007F38A9 /* Assets.xcassets */ = {isa = PBXFileReference; lastKnownFileType = folder.assetcatalog; path = Assets.xcassets; sourceTree = "<group>"; };
		F009AE631BD9C5F8007F38A9 /* Base */ = {isa = PBXFileReference; lastKnownFileType = file.storyboard; name = Base; path = Base.lproj/LaunchScreen.storyboard; sourceTree = "<group>"; };
		F009AE651BD9C5F8007F38A9 /* Info.plist */ = {isa = PBXFileReference; lastKnownFileType = text.plist.xml; path = Info.plist; sourceTree = "<group>"; };
		F009AE6A1BD9C5F8007F38A9 /* TimeSlowerTests.xctest */ = {isa = PBXFileReference; explicitFileType = wrapper.cfbundle; includeInIndex = 0; path = TimeSlowerTests.xctest; sourceTree = BUILT_PRODUCTS_DIR; };
		F009AE6E1BD9C5F8007F38A9 /* TimeSlowerTests.swift */ = {isa = PBXFileReference; lastKnownFileType = sourcecode.swift; path = TimeSlowerTests.swift; sourceTree = "<group>"; };
		F009AE701BD9C5F8007F38A9 /* Info.plist */ = {isa = PBXFileReference; lastKnownFileType = text.plist.xml; path = Info.plist; sourceTree = "<group>"; };
		F009AE751BD9C5F8007F38A9 /* TimeSlowerUITests.xctest */ = {isa = PBXFileReference; explicitFileType = wrapper.cfbundle; includeInIndex = 0; path = TimeSlowerUITests.xctest; sourceTree = BUILT_PRODUCTS_DIR; };
		F009AE791BD9C5F8007F38A9 /* TimeSlowerUITests.swift */ = {isa = PBXFileReference; lastKnownFileType = sourcecode.swift; path = TimeSlowerUITests.swift; sourceTree = "<group>"; };
		F009AE7B1BD9C5F8007F38A9 /* Info.plist */ = {isa = PBXFileReference; lastKnownFileType = text.plist.xml; path = Info.plist; sourceTree = "<group>"; };
		F009AE8C1BD9CBA2007F38A9 /* TimeSlowerKit.framework */ = {isa = PBXFileReference; explicitFileType = wrapper.framework; includeInIndex = 0; path = TimeSlowerKit.framework; sourceTree = BUILT_PRODUCTS_DIR; };
		F009AE8E1BD9CBA2007F38A9 /* TimeSlowerKit.h */ = {isa = PBXFileReference; lastKnownFileType = sourcecode.c.h; path = TimeSlowerKit.h; sourceTree = "<group>"; };
		F009AE901BD9CBA2007F38A9 /* Info.plist */ = {isa = PBXFileReference; lastKnownFileType = text.plist.xml; path = Info.plist; sourceTree = "<group>"; };
		F009AEAA1BD9CC86007F38A9 /* Activity.swift */ = {isa = PBXFileReference; fileEncoding = 4; lastKnownFileType = sourcecode.swift; path = Activity.swift; sourceTree = "<group>"; };
		F009AEAB1BD9CC86007F38A9 /* ActivityManage.swift */ = {isa = PBXFileReference; fileEncoding = 4; lastKnownFileType = sourcecode.swift; path = ActivityManage.swift; sourceTree = "<group>"; };
		F009AEAC1BD9CC86007F38A9 /* ActivityNotifications.swift */ = {isa = PBXFileReference; fileEncoding = 4; lastKnownFileType = sourcecode.swift; path = ActivityNotifications.swift; sourceTree = "<group>"; };
		F009AEAD1BD9CC86007F38A9 /* DayResults.swift */ = {isa = PBXFileReference; fileEncoding = 4; lastKnownFileType = sourcecode.swift; path = DayResults.swift; sourceTree = "<group>"; };
		F009AEAE1BD9CC86007F38A9 /* DayResultsManage.swift */ = {isa = PBXFileReference; fileEncoding = 4; lastKnownFileType = sourcecode.swift; path = DayResultsManage.swift; sourceTree = "<group>"; };
		F009AEAF1BD9CC86007F38A9 /* Profile.swift */ = {isa = PBXFileReference; fileEncoding = 4; lastKnownFileType = sourcecode.swift; path = Profile.swift; sourceTree = "<group>"; };
		F009AEB01BD9CC86007F38A9 /* ProfileManageActivities.swift */ = {isa = PBXFileReference; fileEncoding = 4; lastKnownFileType = sourcecode.swift; path = ProfileManageActivities.swift; sourceTree = "<group>"; };
		F009AEB11BD9CC86007F38A9 /* ProfileManageStats.swift */ = {isa = PBXFileReference; fileEncoding = 4; lastKnownFileType = sourcecode.swift; path = ProfileManageStats.swift; sourceTree = "<group>"; };
		F009AEB21BD9CC86007F38A9 /* Stats.swift */ = {isa = PBXFileReference; fileEncoding = 4; lastKnownFileType = sourcecode.swift; path = Stats.swift; sourceTree = "<group>"; };
		F009AEB31BD9CC86007F38A9 /* StatsManage.swift */ = {isa = PBXFileReference; fileEncoding = 4; lastKnownFileType = sourcecode.swift; path = StatsManage.swift; sourceTree = "<group>"; };
		F009AEB41BD9CC86007F38A9 /* Timing.swift */ = {isa = PBXFileReference; fileEncoding = 4; lastKnownFileType = sourcecode.swift; path = Timing.swift; sourceTree = "<group>"; };
		F009AEB51BD9CC86007F38A9 /* TimingManage.swift */ = {isa = PBXFileReference; fileEncoding = 4; lastKnownFileType = sourcecode.swift; path = TimingManage.swift; sourceTree = "<group>"; };
		F009AEC31BD9CD25007F38A9 /* CoreDataStack.swift */ = {isa = PBXFileReference; fileEncoding = 4; lastKnownFileType = sourcecode.swift; path = CoreDataStack.swift; sourceTree = "<group>"; };
		F009AEC51BD9CD34007F38A9 /* LazyCalendar.swift */ = {isa = PBXFileReference; fileEncoding = 4; lastKnownFileType = sourcecode.swift; path = LazyCalendar.swift; sourceTree = "<group>"; };
		F009AEC71BD9CD49007F38A9 /* ISOCodes.txt */ = {isa = PBXFileReference; fileEncoding = 4; lastKnownFileType = text; path = ISOCodes.txt; sourceTree = "<group>"; };
		F009AEC81BD9CD49007F38A9 /* LifeExpacity2013.txt */ = {isa = PBXFileReference; fileEncoding = 4; lastKnownFileType = text; path = LifeExpacity2013.txt; sourceTree = "<group>"; };
		F009AECA1BD9CD49007F38A9 /* TimeSlower2.xcdatamodel */ = {isa = PBXFileReference; lastKnownFileType = wrapper.xcdatamodel; path = TimeSlower2.xcdatamodel; sourceTree = "<group>"; };
		F009AED31BD9CEA4007F38A9 /* TimeSlowerKitTests.xctest */ = {isa = PBXFileReference; explicitFileType = wrapper.cfbundle; includeInIndex = 0; path = TimeSlowerKitTests.xctest; sourceTree = BUILT_PRODUCTS_DIR; };
		F009AED71BD9CEA4007F38A9 /* Info.plist */ = {isa = PBXFileReference; lastKnownFileType = text.plist.xml; path = Info.plist; sourceTree = "<group>"; };
		F009AEE01BD9CF11007F38A9 /* ActivityManageTest.swift */ = {isa = PBXFileReference; fileEncoding = 4; lastKnownFileType = sourcecode.swift; path = ActivityManageTest.swift; sourceTree = "<group>"; };
		F009AEE21BD9CF21007F38A9 /* DayResultsManageTest.swift */ = {isa = PBXFileReference; fileEncoding = 4; lastKnownFileType = sourcecode.swift; path = DayResultsManageTest.swift; sourceTree = "<group>"; };
		F009AEE31BD9CF21007F38A9 /* LazyCalendarTests.swift */ = {isa = PBXFileReference; fileEncoding = 4; lastKnownFileType = sourcecode.swift; path = LazyCalendarTests.swift; sourceTree = "<group>"; };
		F009AEE41BD9CF21007F38A9 /* ProfileManageActivitiesTest.swift */ = {isa = PBXFileReference; fileEncoding = 4; lastKnownFileType = sourcecode.swift; path = ProfileManageActivitiesTest.swift; sourceTree = "<group>"; };
		F009AEE51BD9CF21007F38A9 /* ProfileManageStatsTest.swift */ = {isa = PBXFileReference; fileEncoding = 4; lastKnownFileType = sourcecode.swift; path = ProfileManageStatsTest.swift; sourceTree = "<group>"; };
		F009AEE61BD9CF21007F38A9 /* StatsManageTest.swift */ = {isa = PBXFileReference; fileEncoding = 4; lastKnownFileType = sourcecode.swift; path = StatsManageTest.swift; sourceTree = "<group>"; };
		F009AEE71BD9CF21007F38A9 /* TestCoreDataStack.swift */ = {isa = PBXFileReference; fileEncoding = 4; lastKnownFileType = sourcecode.swift; path = TestCoreDataStack.swift; sourceTree = "<group>"; };
		F009AEE91BD9CF21007F38A9 /* TimingManageTest.swift */ = {isa = PBXFileReference; fileEncoding = 4; lastKnownFileType = sourcecode.swift; path = TimingManageTest.swift; sourceTree = "<group>"; };
		F009AF051BDAA020007F38A9 /* NSDate+Extension.swift */ = {isa = PBXFileReference; fileEncoding = 4; lastKnownFileType = sourcecode.swift; path = "NSDate+Extension.swift"; sourceTree = "<group>"; };
		F009AF131BDADE19007F38A9 /* SourceSansPro-Black.ttf */ = {isa = PBXFileReference; lastKnownFileType = file; name = "SourceSansPro-Black.ttf"; path = "Fonts/SourceSansPro-Black.ttf"; sourceTree = "<group>"; };
		F009AF141BDADE19007F38A9 /* SourceSansPro-Bold.ttf */ = {isa = PBXFileReference; lastKnownFileType = file; name = "SourceSansPro-Bold.ttf"; path = "Fonts/SourceSansPro-Bold.ttf"; sourceTree = "<group>"; };
		F009AF151BDADE19007F38A9 /* SourceSansPro-Light.ttf */ = {isa = PBXFileReference; lastKnownFileType = file; name = "SourceSansPro-Light.ttf"; path = "Fonts/SourceSansPro-Light.ttf"; sourceTree = "<group>"; };
		F009AF161BDADE19007F38A9 /* SourceSansPro-Regular.ttf */ = {isa = PBXFileReference; lastKnownFileType = file; name = "SourceSansPro-Regular.ttf"; path = "Fonts/SourceSansPro-Regular.ttf"; sourceTree = "<group>"; };
		F009AF171BDADE19007F38A9 /* SourceSansPro-Semibold.ttf */ = {isa = PBXFileReference; lastKnownFileType = file; name = "SourceSansPro-Semibold.ttf"; path = "Fonts/SourceSansPro-Semibold.ttf"; sourceTree = "<group>"; };
		F009AF1F1BDADED8007F38A9 /* Menu.storyboard */ = {isa = PBXFileReference; fileEncoding = 4; lastKnownFileType = file.storyboard; name = Menu.storyboard; path = Features/Menu/Menu.storyboard; sourceTree = "<group>"; };
		F009AF211BDAE39F007F38A9 /* MenuVC.swift */ = {isa = PBXFileReference; fileEncoding = 4; lastKnownFileType = sourcecode.swift; name = MenuVC.swift; path = Features/Menu/ViewControllers/MenuVC.swift; sourceTree = "<group>"; };
		F009AF231BDAE4BE007F38A9 /* Stats.storyboard */ = {isa = PBXFileReference; fileEncoding = 4; lastKnownFileType = file.storyboard; path = Stats.storyboard; sourceTree = "<group>"; };
		F009AF251BDAE571007F38A9 /* CircleStatsVC.swift */ = {isa = PBXFileReference; fileEncoding = 4; lastKnownFileType = sourcecode.swift; name = CircleStatsVC.swift; path = Features/Stats/CircleStatsVC.swift; sourceTree = "<group>"; };
		F009AF261BDAE571007F38A9 /* MainScreenContainerVC.swift */ = {isa = PBXFileReference; fileEncoding = 4; lastKnownFileType = sourcecode.swift; name = MainScreenContainerVC.swift; path = Features/Stats/MainScreenContainerVC.swift; sourceTree = "<group>"; };
		F009AF271BDAE571007F38A9 /* MainScreenVC.swift */ = {isa = PBXFileReference; fileEncoding = 4; lastKnownFileType = sourcecode.swift; name = MainScreenVC.swift; path = Features/Stats/MainScreenVC.swift; sourceTree = "<group>"; };
		F009AF281BDAE571007F38A9 /* MainScreenVCConstraints.swift */ = {isa = PBXFileReference; fileEncoding = 4; lastKnownFileType = sourcecode.swift; name = MainScreenVCConstraints.swift; path = Features/Stats/MainScreenVCConstraints.swift; sourceTree = "<group>"; };
		F009AF2E1BDAE61B007F38A9 /* UIColor+Extension.swift */ = {isa = PBXFileReference; fileEncoding = 4; lastKnownFileType = sourcecode.swift; path = "UIColor+Extension.swift"; sourceTree = "<group>"; };
		F009AF301BDB0D60007F38A9 /* Float+Double+Extension.swift */ = {isa = PBXFileReference; fileEncoding = 4; lastKnownFileType = sourcecode.swift; path = "Float+Double+Extension.swift"; sourceTree = "<group>"; };
		F009AF321BDB0E1D007F38A9 /* Constants.swift */ = {isa = PBXFileReference; fileEncoding = 4; lastKnownFileType = sourcecode.swift; path = Constants.swift; sourceTree = "<group>"; };
		F009AF341BDB0E9D007F38A9 /* NotificationManager.swift */ = {isa = PBXFileReference; fileEncoding = 4; lastKnownFileType = sourcecode.swift; path = NotificationManager.swift; sourceTree = "<group>"; };
		F009AF361BDB0F45007F38A9 /* Activities.storyboard */ = {isa = PBXFileReference; fileEncoding = 4; lastKnownFileType = file.storyboard; path = Activities.storyboard; sourceTree = "<group>"; };
		F009AF381BDB0FEA007F38A9 /* Profile.storyboard */ = {isa = PBXFileReference; fileEncoding = 4; lastKnownFileType = file.storyboard; path = Profile.storyboard; sourceTree = "<group>"; };
		F009AF3A1BDB1061007F38A9 /* ActivityMotivationVC.swift */ = {isa = PBXFileReference; fileEncoding = 4; lastKnownFileType = sourcecode.swift; name = ActivityMotivationVC.swift; path = Features/Activities/ActivityMotivationVC.swift; sourceTree = "<group>"; };
		F009AF3B1BDB1061007F38A9 /* ActivityMotivationVCConstraints.swift */ = {isa = PBXFileReference; fileEncoding = 4; lastKnownFileType = sourcecode.swift; name = ActivityMotivationVCConstraints.swift; path = Features/Activities/ActivityMotivationVCConstraints.swift; sourceTree = "<group>"; };
		F009AF3C1BDB1061007F38A9 /* ActivityStatsVC.swift */ = {isa = PBXFileReference; fileEncoding = 4; lastKnownFileType = sourcecode.swift; name = ActivityStatsVC.swift; path = Features/Activities/ActivityStatsVC.swift; sourceTree = "<group>"; };
		F009AF3D1BDB1061007F38A9 /* ActivityStatsVCConstraints.swift */ = {isa = PBXFileReference; fileEncoding = 4; lastKnownFileType = sourcecode.swift; name = ActivityStatsVCConstraints.swift; path = Features/Activities/ActivityStatsVCConstraints.swift; sourceTree = "<group>"; };
		F009AF3E1BDB1061007F38A9 /* DotsPageViewController.swift */ = {isa = PBXFileReference; fileEncoding = 4; lastKnownFileType = sourcecode.swift; name = DotsPageViewController.swift; path = Features/Activities/DotsPageViewController.swift; sourceTree = "<group>"; };
		F009AF3F1BDB1061007F38A9 /* EditActivityVC.swift */ = {isa = PBXFileReference; fileEncoding = 4; lastKnownFileType = sourcecode.swift; name = EditActivityVC.swift; path = Features/Activities/EditActivityVC.swift; sourceTree = "<group>"; };
		F009AF401BDB1061007F38A9 /* EditActivityVCConstraints.swift */ = {isa = PBXFileReference; fileEncoding = 4; lastKnownFileType = sourcecode.swift; name = EditActivityVCConstraints.swift; path = Features/Activities/EditActivityVCConstraints.swift; sourceTree = "<group>"; };
		F009AF411BDB1061007F38A9 /* ListOfActivitiesVC.swift */ = {isa = PBXFileReference; fileEncoding = 4; lastKnownFileType = sourcecode.swift; name = ListOfActivitiesVC.swift; path = Features/Activities/ListOfActivitiesVC.swift; sourceTree = "<group>"; };
		F009AF421BDB1061007F38A9 /* ListOfActivitiesVCConstraints.swift */ = {isa = PBXFileReference; fileEncoding = 4; lastKnownFileType = sourcecode.swift; name = ListOfActivitiesVCConstraints.swift; path = Features/Activities/ListOfActivitiesVCConstraints.swift; sourceTree = "<group>"; };
		F009AF431BDB1061007F38A9 /* ShareVC.swift */ = {isa = PBXFileReference; fileEncoding = 4; lastKnownFileType = sourcecode.swift; name = ShareVC.swift; path = Features/Activities/ShareVC.swift; sourceTree = "<group>"; };
		F009AF4E1BDB10A6007F38A9 /* ProfileEditingVC.swift */ = {isa = PBXFileReference; fileEncoding = 4; lastKnownFileType = sourcecode.swift; name = ProfileEditingVC.swift; path = Features/Profile/ProfileEditingVC.swift; sourceTree = "<group>"; };
		F009AF4F1BDB10A6007F38A9 /* ProfileEditingVCConstraints.swift */ = {isa = PBXFileReference; fileEncoding = 4; lastKnownFileType = sourcecode.swift; name = ProfileEditingVCConstraints.swift; path = Features/Profile/ProfileEditingVCConstraints.swift; sourceTree = "<group>"; };
		F009AF501BDB10A6007F38A9 /* ProfileStatsVC.swift */ = {isa = PBXFileReference; fileEncoding = 4; lastKnownFileType = sourcecode.swift; name = ProfileStatsVC.swift; path = Features/Profile/ProfileStatsVC.swift; sourceTree = "<group>"; };
		F009AF511BDB10A6007F38A9 /* ProfileStatsVCConstraints.swift */ = {isa = PBXFileReference; fileEncoding = 4; lastKnownFileType = sourcecode.swift; name = ProfileStatsVCConstraints.swift; path = Features/Profile/ProfileStatsVCConstraints.swift; sourceTree = "<group>"; };
		F009AF561BDB10FF007F38A9 /* NSObject+Extension.swift */ = {isa = PBXFileReference; fileEncoding = 4; lastKnownFileType = sourcecode.swift; path = "NSObject+Extension.swift"; sourceTree = "<group>"; };
		F009AF581BDB123A007F38A9 /* Motivator.swift */ = {isa = PBXFileReference; fileEncoding = 4; lastKnownFileType = sourcecode.swift; path = Motivator.swift; sourceTree = "<group>"; };
		F009AF5B1BDB12D8007F38A9 /* TimeSlower-Bridging-Header.h */ = {isa = PBXFileReference; lastKnownFileType = sourcecode.c.h; path = "TimeSlower-Bridging-Header.h"; sourceTree = "<group>"; };
		F009AF5C1BDB12D9007F38A9 /* CountryPicker.bundle */ = {isa = PBXFileReference; lastKnownFileType = "wrapper.plug-in"; name = CountryPicker.bundle; path = Features/Profile/Views/CountryPicker.bundle; sourceTree = "<group>"; };
		F009AF5D1BDB12D9007F38A9 /* CountryPicker.h */ = {isa = PBXFileReference; fileEncoding = 4; lastKnownFileType = sourcecode.c.h; name = CountryPicker.h; path = Features/Profile/Views/CountryPicker.h; sourceTree = "<group>"; };
		F009AF5E1BDB12D9007F38A9 /* CountryPicker.m */ = {isa = PBXFileReference; fileEncoding = 4; lastKnownFileType = sourcecode.c.objc; name = CountryPicker.m; path = Features/Profile/Views/CountryPicker.m; sourceTree = "<group>"; };
		F009AF631BDB13E5007F38A9 /* CircularTimer.h */ = {isa = PBXFileReference; fileEncoding = 4; lastKnownFileType = sourcecode.c.h; name = CircularTimer.h; path = Features/Shared/CircularTimer.h; sourceTree = "<group>"; };
		F009AF641BDB13E5007F38A9 /* CircularTimer.m */ = {isa = PBXFileReference; fileEncoding = 4; lastKnownFileType = sourcecode.c.objc; name = CircularTimer.m; path = Features/Shared/CircularTimer.m; sourceTree = "<group>"; };
		F009AF651BDB13E5007F38A9 /* MZTimerLabel.h */ = {isa = PBXFileReference; fileEncoding = 4; lastKnownFileType = sourcecode.c.h; name = MZTimerLabel.h; path = Features/Shared/MZTimerLabel.h; sourceTree = "<group>"; };
		F009AF661BDB13E5007F38A9 /* MZTimerLabel.m */ = {isa = PBXFileReference; fileEncoding = 4; lastKnownFileType = sourcecode.c.objc; name = MZTimerLabel.m; path = Features/Shared/MZTimerLabel.m; sourceTree = "<group>"; };
		F009AF6A1BDB18E3007F38A9 /* NotificationRegister.swift */ = {isa = PBXFileReference; fileEncoding = 4; lastKnownFileType = sourcecode.swift; path = NotificationRegister.swift; sourceTree = "<group>"; };
		F009AF6C1BDB1935007F38A9 /* BasisSelector.swift */ = {isa = PBXFileReference; fileEncoding = 4; lastKnownFileType = sourcecode.swift; name = BasisSelector.swift; path = Features/Activities/Views/BasisSelector.swift; sourceTree = "<group>"; };
		F009AF6D1BDB1935007F38A9 /* BasisSelector.xib */ = {isa = PBXFileReference; fileEncoding = 4; lastKnownFileType = file.xib; name = BasisSelector.xib; path = Features/Activities/Views/BasisSelector.xib; sourceTree = "<group>"; };
		F009AF6E1BDB1935007F38A9 /* ChartView.swift */ = {isa = PBXFileReference; fileEncoding = 4; lastKnownFileType = sourcecode.swift; name = ChartView.swift; path = Features/Activities/Views/ChartView.swift; sourceTree = "<group>"; };
		F009AF6F1BDB1935007F38A9 /* ChartView.xib */ = {isa = PBXFileReference; fileEncoding = 4; lastKnownFileType = file.xib; name = ChartView.xib; path = Features/Activities/Views/ChartView.xib; sourceTree = "<group>"; };
		F009AF701BDB1935007F38A9 /* CircleProgress.swift */ = {isa = PBXFileReference; fileEncoding = 4; lastKnownFileType = sourcecode.swift; name = CircleProgress.swift; path = Features/Activities/Views/CircleProgress.swift; sourceTree = "<group>"; };
		F009AF711BDB1935007F38A9 /* DaySelector.swift */ = {isa = PBXFileReference; fileEncoding = 4; lastKnownFileType = sourcecode.swift; name = DaySelector.swift; path = Features/Activities/Views/DaySelector.swift; sourceTree = "<group>"; };
		F009AF721BDB1935007F38A9 /* DaySelector.xib */ = {isa = PBXFileReference; fileEncoding = 4; lastKnownFileType = file.xib; name = DaySelector.xib; path = Features/Activities/Views/DaySelector.xib; sourceTree = "<group>"; };
		F009AF731BDB1935007F38A9 /* DefaultActivitySelector.swift */ = {isa = PBXFileReference; fileEncoding = 4; lastKnownFileType = sourcecode.swift; name = DefaultActivitySelector.swift; path = Features/Activities/Views/DefaultActivitySelector.swift; sourceTree = "<group>"; };
		F009AF741BDB1935007F38A9 /* DefaultActivitySelector.xib */ = {isa = PBXFileReference; fileEncoding = 4; lastKnownFileType = file.xib; name = DefaultActivitySelector.xib; path = Features/Activities/Views/DefaultActivitySelector.xib; sourceTree = "<group>"; };
		F009AF751BDB1935007F38A9 /* DefaultActivitySelectorCell.swift */ = {isa = PBXFileReference; fileEncoding = 4; lastKnownFileType = sourcecode.swift; name = DefaultActivitySelectorCell.swift; path = Features/Activities/Views/DefaultActivitySelectorCell.swift; sourceTree = "<group>"; };
		F009AF761BDB1935007F38A9 /* DefaultActivitySelectorCell.xib */ = {isa = PBXFileReference; fileEncoding = 4; lastKnownFileType = file.xib; name = DefaultActivitySelectorCell.xib; path = Features/Activities/Views/DefaultActivitySelectorCell.xib; sourceTree = "<group>"; };
		F009AF771BDB1935007F38A9 /* ListTypeSelector.swift */ = {isa = PBXFileReference; fileEncoding = 4; lastKnownFileType = sourcecode.swift; name = ListTypeSelector.swift; path = Features/Activities/Views/ListTypeSelector.swift; sourceTree = "<group>"; };
		F009AF781BDB1935007F38A9 /* ListTypeSelector.xib */ = {isa = PBXFileReference; fileEncoding = 4; lastKnownFileType = file.xib; name = ListTypeSelector.xib; path = Features/Activities/Views/ListTypeSelector.xib; sourceTree = "<group>"; };
		F009AF791BDB1935007F38A9 /* StandardActivityCell.swift */ = {isa = PBXFileReference; fileEncoding = 4; lastKnownFileType = sourcecode.swift; name = StandardActivityCell.swift; path = Features/Activities/Views/StandardActivityCell.swift; sourceTree = "<group>"; };
		F009AF7A1BDB1935007F38A9 /* StandardActivityCell.xib */ = {isa = PBXFileReference; fileEncoding = 4; lastKnownFileType = file.xib; name = StandardActivityCell.xib; path = Features/Activities/Views/StandardActivityCell.xib; sourceTree = "<group>"; };
		F009AF7B1BDB1935007F38A9 /* TimerExtension.swift */ = {isa = PBXFileReference; fileEncoding = 4; lastKnownFileType = sourcecode.swift; name = TimerExtension.swift; path = Features/Activities/Views/TimerExtension.swift; sourceTree = "<group>"; };
		F009AF7C1BDB1935007F38A9 /* TimeSaver.swift */ = {isa = PBXFileReference; fileEncoding = 4; lastKnownFileType = sourcecode.swift; name = TimeSaver.swift; path = Features/Activities/Views/TimeSaver.swift; sourceTree = "<group>"; };
		F009AF7D1BDB1935007F38A9 /* TimeSaver.xib */ = {isa = PBXFileReference; fileEncoding = 4; lastKnownFileType = file.xib; name = TimeSaver.xib; path = Features/Activities/Views/TimeSaver.xib; sourceTree = "<group>"; };
		F009AF7E1BDB1935007F38A9 /* TypeSelector.swift */ = {isa = PBXFileReference; fileEncoding = 4; lastKnownFileType = sourcecode.swift; name = TypeSelector.swift; path = Features/Activities/Views/TypeSelector.swift; sourceTree = "<group>"; };
		F009AF7F1BDB1935007F38A9 /* TypeSelector.xib */ = {isa = PBXFileReference; fileEncoding = 4; lastKnownFileType = file.xib; name = TypeSelector.xib; path = Features/Activities/Views/TypeSelector.xib; sourceTree = "<group>"; };
/* End PBXFileReference section */

/* Begin PBXFrameworksBuildPhase section */
		F009AE501BD9C5F8007F38A9 /* Frameworks */ = {
			isa = PBXFrameworksBuildPhase;
			buildActionMask = 2147483647;
			files = (
				F009AEA11BD9CBA2007F38A9 /* TimeSlowerKit.framework in Frameworks */,
			);
			runOnlyForDeploymentPostprocessing = 0;
		};
		F009AE671BD9C5F8007F38A9 /* Frameworks */ = {
			isa = PBXFrameworksBuildPhase;
			buildActionMask = 2147483647;
			files = (
			);
			runOnlyForDeploymentPostprocessing = 0;
		};
		F009AE721BD9C5F8007F38A9 /* Frameworks */ = {
			isa = PBXFrameworksBuildPhase;
			buildActionMask = 2147483647;
			files = (
			);
			runOnlyForDeploymentPostprocessing = 0;
		};
		F009AE881BD9CBA2007F38A9 /* Frameworks */ = {
			isa = PBXFrameworksBuildPhase;
			buildActionMask = 2147483647;
			files = (
			);
			runOnlyForDeploymentPostprocessing = 0;
		};
		F009AED01BD9CEA4007F38A9 /* Frameworks */ = {
			isa = PBXFrameworksBuildPhase;
			buildActionMask = 2147483647;
			files = (
				F009AED81BD9CEA4007F38A9 /* TimeSlowerKit.framework in Frameworks */,
			);
			runOnlyForDeploymentPostprocessing = 0;
		};
/* End PBXFrameworksBuildPhase section */

/* Begin PBXGroup section */
		F009AE4A1BD9C5F8007F38A9 = {
			isa = PBXGroup;
			children = (
				F009AE8D1BD9CBA2007F38A9 /* TimeSlowerKit */,
				F009AE551BD9C5F8007F38A9 /* TimeSlower */,
				F009AE6D1BD9C5F8007F38A9 /* TimeSlowerTests */,
				F009AE781BD9C5F8007F38A9 /* TimeSlowerUITests */,
				F009AED41BD9CEA4007F38A9 /* TimeSlowerKitTests */,
				F009AE541BD9C5F8007F38A9 /* Products */,
			);
			sourceTree = "<group>";
		};
		F009AE541BD9C5F8007F38A9 /* Products */ = {
			isa = PBXGroup;
			children = (
				F009AE531BD9C5F8007F38A9 /* TimeSlower.app */,
				F009AE6A1BD9C5F8007F38A9 /* TimeSlowerTests.xctest */,
				F009AE751BD9C5F8007F38A9 /* TimeSlowerUITests.xctest */,
				F009AE8C1BD9CBA2007F38A9 /* TimeSlowerKit.framework */,
				F009AED31BD9CEA4007F38A9 /* TimeSlowerKitTests.xctest */,
			);
			name = Products;
			sourceTree = "<group>";
		};
		F009AE551BD9C5F8007F38A9 /* TimeSlower */ = {
			isa = PBXGroup;
			children = (
				F009AF0D1BDAD6C5007F38A9 /* Features */,
				F009AE561BD9C5F8007F38A9 /* AppDelegate.swift */,
				F009AF5B1BDB12D8007F38A9 /* TimeSlower-Bridging-Header.h */,
				F009AF6A1BDB18E3007F38A9 /* NotificationRegister.swift */,
				F009AF321BDB0E1D007F38A9 /* Constants.swift */,
				F009AF341BDB0E9D007F38A9 /* NotificationManager.swift */,
				F009AF581BDB123A007F38A9 /* Motivator.swift */,
				F009AE5A1BD9C5F8007F38A9 /* Main.storyboard */,
				F009AE621BD9C5F8007F38A9 /* LaunchScreen.storyboard */,
				F009AE651BD9C5F8007F38A9 /* Info.plist */,
				F009AF121BDADDEC007F38A9 /* Resourses */,
			);
			path = TimeSlower;
			sourceTree = "<group>";
		};
		F009AE6D1BD9C5F8007F38A9 /* TimeSlowerTests */ = {
			isa = PBXGroup;
			children = (
				F009AE6E1BD9C5F8007F38A9 /* TimeSlowerTests.swift */,
				F009AE701BD9C5F8007F38A9 /* Info.plist */,
			);
			path = TimeSlowerTests;
			sourceTree = "<group>";
		};
		F009AE781BD9C5F8007F38A9 /* TimeSlowerUITests */ = {
			isa = PBXGroup;
			children = (
				F009AE791BD9C5F8007F38A9 /* TimeSlowerUITests.swift */,
				F009AE7B1BD9C5F8007F38A9 /* Info.plist */,
			);
			path = TimeSlowerUITests;
			sourceTree = "<group>";
		};
		F009AE8D1BD9CBA2007F38A9 /* TimeSlowerKit */ = {
			isa = PBXGroup;
			children = (
				F009AEC71BD9CD49007F38A9 /* ISOCodes.txt */,
				F009AEC81BD9CD49007F38A9 /* LifeExpacity2013.txt */,
				F009AEC91BD9CD49007F38A9 /* TimeSlower2.xcdatamodeld */,
				F009AEC51BD9CD34007F38A9 /* LazyCalendar.swift */,
				F009AEC31BD9CD25007F38A9 /* CoreDataStack.swift */,
				F009AF051BDAA020007F38A9 /* NSDate+Extension.swift */,
				F009AF301BDB0D60007F38A9 /* Float+Double+Extension.swift */,
				F009AF2E1BDAE61B007F38A9 /* UIColor+Extension.swift */,
				F009AF561BDB10FF007F38A9 /* NSObject+Extension.swift */,
				F009AEC21BD9CC9A007F38A9 /* Model */,
				F009AE8E1BD9CBA2007F38A9 /* TimeSlowerKit.h */,
				F009AE901BD9CBA2007F38A9 /* Info.plist */,
			);
			path = TimeSlowerKit;
			sourceTree = "<group>";
		};
		F009AEC21BD9CC9A007F38A9 /* Model */ = {
			isa = PBXGroup;
			children = (
				F009AF081BDAD4CF007F38A9 /* Activity */,
				F009AF0C1BDAD505007F38A9 /* DayResults */,
				F009AF091BDAD4DC007F38A9 /* Profile */,
				F009AF0A1BDAD4F5007F38A9 /* Stats */,
				F009AF0B1BDAD4FC007F38A9 /* Timing */,
			);
			name = Model;
			sourceTree = "<group>";
		};
		F009AED41BD9CEA4007F38A9 /* TimeSlowerKitTests */ = {
			isa = PBXGroup;
			children = (
				F009AEE01BD9CF11007F38A9 /* ActivityManageTest.swift */,
				F009AEE21BD9CF21007F38A9 /* DayResultsManageTest.swift */,
				F009AEE31BD9CF21007F38A9 /* LazyCalendarTests.swift */,
				F009AEE41BD9CF21007F38A9 /* ProfileManageActivitiesTest.swift */,
				F009AEE51BD9CF21007F38A9 /* ProfileManageStatsTest.swift */,
				F009AEE61BD9CF21007F38A9 /* StatsManageTest.swift */,
				F009AEE71BD9CF21007F38A9 /* TestCoreDataStack.swift */,
				F009AEE91BD9CF21007F38A9 /* TimingManageTest.swift */,
				F009AED71BD9CEA4007F38A9 /* Info.plist */,
			);
			path = TimeSlowerKitTests;
			sourceTree = "<group>";
		};
		F009AF081BDAD4CF007F38A9 /* Activity */ = {
			isa = PBXGroup;
			children = (
				F009AEAA1BD9CC86007F38A9 /* Activity.swift */,
				F009AEAB1BD9CC86007F38A9 /* ActivityManage.swift */,
				F009AEAC1BD9CC86007F38A9 /* ActivityNotifications.swift */,
			);
			name = Activity;
			sourceTree = "<group>";
		};
		F009AF091BDAD4DC007F38A9 /* Profile */ = {
			isa = PBXGroup;
			children = (
				F009AEAF1BD9CC86007F38A9 /* Profile.swift */,
				F009AEB01BD9CC86007F38A9 /* ProfileManageActivities.swift */,
				F009AEB11BD9CC86007F38A9 /* ProfileManageStats.swift */,
			);
			name = Profile;
			sourceTree = "<group>";
		};
		F009AF0A1BDAD4F5007F38A9 /* Stats */ = {
			isa = PBXGroup;
			children = (
				F009AEB21BD9CC86007F38A9 /* Stats.swift */,
				F009AEB31BD9CC86007F38A9 /* StatsManage.swift */,
			);
			name = Stats;
			sourceTree = "<group>";
		};
		F009AF0B1BDAD4FC007F38A9 /* Timing */ = {
			isa = PBXGroup;
			children = (
				F009AEB41BD9CC86007F38A9 /* Timing.swift */,
				F009AEB51BD9CC86007F38A9 /* TimingManage.swift */,
			);
			name = Timing;
			sourceTree = "<group>";
		};
		F009AF0C1BDAD505007F38A9 /* DayResults */ = {
			isa = PBXGroup;
			children = (
				F009AEAD1BD9CC86007F38A9 /* DayResults.swift */,
				F009AEAE1BD9CC86007F38A9 /* DayResultsManage.swift */,
			);
			name = DayResults;
			sourceTree = "<group>";
		};
		F009AF0D1BDAD6C5007F38A9 /* Features */ = {
			isa = PBXGroup;
			children = (
				F009AF621BDB13A4007F38A9 /* Shared */,
				F009AF111BDAD6E6007F38A9 /* Menu */,
				F009AF101BDAD6DF007F38A9 /* Stats */,
				F009AF0F1BDAD6D6007F38A9 /* Activities */,
				F009AF0E1BDAD6CE007F38A9 /* Profile */,
			);
			name = Features;
			sourceTree = "<group>";
		};
		F009AF0E1BDAD6CE007F38A9 /* Profile */ = {
			isa = PBXGroup;
			children = (
				F009AF5A1BDB12C5007F38A9 /* Views */,
				F009AF381BDB0FEA007F38A9 /* Profile.storyboard */,
				F009AF611BDB1339007F38A9 /* ViewControllers */,
			);
			name = Profile;
			sourceTree = "<group>";
		};
		F009AF0F1BDAD6D6007F38A9 /* Activities */ = {
			isa = PBXGroup;
			children = (
				F009AF941BDB1952007F38A9 /* Cells */,
				F009AF691BDB189B007F38A9 /* Views */,
				F009AF361BDB0F45007F38A9 /* Activities.storyboard */,
				F009AF3A1BDB1061007F38A9 /* ActivityMotivationVC.swift */,
				F009AF3B1BDB1061007F38A9 /* ActivityMotivationVCConstraints.swift */,
				F009AF3C1BDB1061007F38A9 /* ActivityStatsVC.swift */,
				F009AF3D1BDB1061007F38A9 /* ActivityStatsVCConstraints.swift */,
				F009AF3E1BDB1061007F38A9 /* DotsPageViewController.swift */,
				F009AF3F1BDB1061007F38A9 /* EditActivityVC.swift */,
				F009AF401BDB1061007F38A9 /* EditActivityVCConstraints.swift */,
				F009AF411BDB1061007F38A9 /* ListOfActivitiesVC.swift */,
				F009AF421BDB1061007F38A9 /* ListOfActivitiesVCConstraints.swift */,
				F009AF431BDB1061007F38A9 /* ShareVC.swift */,
			);
			name = Activities;
			sourceTree = "<group>";
		};
		F009AF101BDAD6DF007F38A9 /* Stats */ = {
			isa = PBXGroup;
			children = (
				F009AF231BDAE4BE007F38A9 /* Stats.storyboard */,
				F009AF2D1BDAE577007F38A9 /* ViewControllers */,
			);
			name = Stats;
			sourceTree = "<group>";
		};
		F009AF111BDAD6E6007F38A9 /* Menu */ = {
			isa = PBXGroup;
			children = (
				F009AF1F1BDADED8007F38A9 /* Menu.storyboard */,
				F009AF211BDAE39F007F38A9 /* MenuVC.swift */,
			);
			name = Menu;
			sourceTree = "<group>";
		};
		F009AF121BDADDEC007F38A9 /* Resourses */ = {
			isa = PBXGroup;
			children = (
				F009AE601BD9C5F8007F38A9 /* Assets.xcassets */,
				F009AF131BDADE19007F38A9 /* SourceSansPro-Black.ttf */,
				F009AF141BDADE19007F38A9 /* SourceSansPro-Bold.ttf */,
				F009AF151BDADE19007F38A9 /* SourceSansPro-Light.ttf */,
				F009AF161BDADE19007F38A9 /* SourceSansPro-Regular.ttf */,
				F009AF171BDADE19007F38A9 /* SourceSansPro-Semibold.ttf */,
			);
			name = Resourses;
			sourceTree = "<group>";
		};
		F009AF2D1BDAE577007F38A9 /* ViewControllers */ = {
			isa = PBXGroup;
			children = (
				F009AF251BDAE571007F38A9 /* CircleStatsVC.swift */,
				F009AF261BDAE571007F38A9 /* MainScreenContainerVC.swift */,
				F009AF271BDAE571007F38A9 /* MainScreenVC.swift */,
				F009AF281BDAE571007F38A9 /* MainScreenVCConstraints.swift */,
			);
			name = ViewControllers;
			sourceTree = "<group>";
		};
		F009AF5A1BDB12C5007F38A9 /* Views */ = {
			isa = PBXGroup;
			children = (
				F009AF5C1BDB12D9007F38A9 /* CountryPicker.bundle */,
				F009AF5D1BDB12D9007F38A9 /* CountryPicker.h */,
				F009AF5E1BDB12D9007F38A9 /* CountryPicker.m */,
			);
			name = Views;
			sourceTree = "<group>";
		};
		F009AF611BDB1339007F38A9 /* ViewControllers */ = {
			isa = PBXGroup;
			children = (
				F009AF4E1BDB10A6007F38A9 /* ProfileEditingVC.swift */,
				F009AF4F1BDB10A6007F38A9 /* ProfileEditingVCConstraints.swift */,
				F009AF501BDB10A6007F38A9 /* ProfileStatsVC.swift */,
				F009AF511BDB10A6007F38A9 /* ProfileStatsVCConstraints.swift */,
			);
			name = ViewControllers;
			sourceTree = "<group>";
		};
		F009AF621BDB13A4007F38A9 /* Shared */ = {
			isa = PBXGroup;
			children = (
				F009AF631BDB13E5007F38A9 /* CircularTimer.h */,
				F009AF641BDB13E5007F38A9 /* CircularTimer.m */,
				F009AF651BDB13E5007F38A9 /* MZTimerLabel.h */,
				F009AF661BDB13E5007F38A9 /* MZTimerLabel.m */,
			);
			name = Shared;
			sourceTree = "<group>";
		};
		F009AF691BDB189B007F38A9 /* Views */ = {
			isa = PBXGroup;
			children = (
				F009AF6C1BDB1935007F38A9 /* BasisSelector.swift */,
				F009AF6D1BDB1935007F38A9 /* BasisSelector.xib */,
				F009AF6E1BDB1935007F38A9 /* ChartView.swift */,
				F009AF6F1BDB1935007F38A9 /* ChartView.xib */,
				F009AF701BDB1935007F38A9 /* CircleProgress.swift */,
				F009AF711BDB1935007F38A9 /* DaySelector.swift */,
				F009AF721BDB1935007F38A9 /* DaySelector.xib */,
				F009AF731BDB1935007F38A9 /* DefaultActivitySelector.swift */,
				F009AF741BDB1935007F38A9 /* DefaultActivitySelector.xib */,
				F009AF771BDB1935007F38A9 /* ListTypeSelector.swift */,
				F009AF781BDB1935007F38A9 /* ListTypeSelector.xib */,
				F009AF7B1BDB1935007F38A9 /* TimerExtension.swift */,
				F009AF7C1BDB1935007F38A9 /* TimeSaver.swift */,
				F009AF7D1BDB1935007F38A9 /* TimeSaver.xib */,
				F009AF7E1BDB1935007F38A9 /* TypeSelector.swift */,
				F009AF7F1BDB1935007F38A9 /* TypeSelector.xib */,
			);
			name = Views;
			sourceTree = "<group>";
		};
		F009AF941BDB1952007F38A9 /* Cells */ = {
			isa = PBXGroup;
			children = (
				F009AF751BDB1935007F38A9 /* DefaultActivitySelectorCell.swift */,
				F009AF761BDB1935007F38A9 /* DefaultActivitySelectorCell.xib */,
				F009AF791BDB1935007F38A9 /* StandardActivityCell.swift */,
				F009AF7A1BDB1935007F38A9 /* StandardActivityCell.xib */,
			);
			name = Cells;
			sourceTree = "<group>";
		};
/* End PBXGroup section */

/* Begin PBXHeadersBuildPhase section */
		F009AE891BD9CBA2007F38A9 /* Headers */ = {
			isa = PBXHeadersBuildPhase;
			buildActionMask = 2147483647;
			files = (
				F009AE8F1BD9CBA2007F38A9 /* TimeSlowerKit.h in Headers */,
			);
			runOnlyForDeploymentPostprocessing = 0;
		};
/* End PBXHeadersBuildPhase section */

/* Begin PBXNativeTarget section */
		F009AE521BD9C5F8007F38A9 /* TimeSlower */ = {
			isa = PBXNativeTarget;
			buildConfigurationList = F009AE7E1BD9C5F8007F38A9 /* Build configuration list for PBXNativeTarget "TimeSlower" */;
			buildPhases = (
				F009AE4F1BD9C5F8007F38A9 /* Sources */,
				F009AE501BD9C5F8007F38A9 /* Frameworks */,
				F009AE511BD9C5F8007F38A9 /* Resources */,
				F009AEA61BD9CBA2007F38A9 /* Embed Frameworks */,
			);
			buildRules = (
			);
			dependencies = (
				F009AEA01BD9CBA2007F38A9 /* PBXTargetDependency */,
			);
			name = TimeSlower;
			productName = TimeSlower;
			productReference = F009AE531BD9C5F8007F38A9 /* TimeSlower.app */;
			productType = "com.apple.product-type.application";
		};
		F009AE691BD9C5F8007F38A9 /* TimeSlowerTests */ = {
			isa = PBXNativeTarget;
			buildConfigurationList = F009AE811BD9C5F8007F38A9 /* Build configuration list for PBXNativeTarget "TimeSlowerTests" */;
			buildPhases = (
				F009AE661BD9C5F8007F38A9 /* Sources */,
				F009AE671BD9C5F8007F38A9 /* Frameworks */,
				F009AE681BD9C5F8007F38A9 /* Resources */,
			);
			buildRules = (
			);
			dependencies = (
				F009AE6C1BD9C5F8007F38A9 /* PBXTargetDependency */,
			);
			name = TimeSlowerTests;
			productName = TimeSlowerTests;
			productReference = F009AE6A1BD9C5F8007F38A9 /* TimeSlowerTests.xctest */;
			productType = "com.apple.product-type.bundle.unit-test";
		};
		F009AE741BD9C5F8007F38A9 /* TimeSlowerUITests */ = {
			isa = PBXNativeTarget;
			buildConfigurationList = F009AE841BD9C5F8007F38A9 /* Build configuration list for PBXNativeTarget "TimeSlowerUITests" */;
			buildPhases = (
				F009AE711BD9C5F8007F38A9 /* Sources */,
				F009AE721BD9C5F8007F38A9 /* Frameworks */,
				F009AE731BD9C5F8007F38A9 /* Resources */,
			);
			buildRules = (
			);
			dependencies = (
				F009AE771BD9C5F8007F38A9 /* PBXTargetDependency */,
			);
			name = TimeSlowerUITests;
			productName = TimeSlowerUITests;
			productReference = F009AE751BD9C5F8007F38A9 /* TimeSlowerUITests.xctest */;
			productType = "com.apple.product-type.bundle.ui-testing";
		};
		F009AE8B1BD9CBA2007F38A9 /* TimeSlowerKit */ = {
			isa = PBXNativeTarget;
			buildConfigurationList = F009AEA31BD9CBA2007F38A9 /* Build configuration list for PBXNativeTarget "TimeSlowerKit" */;
			buildPhases = (
				F009AE871BD9CBA2007F38A9 /* Sources */,
				F009AE881BD9CBA2007F38A9 /* Frameworks */,
				F009AE891BD9CBA2007F38A9 /* Headers */,
				F009AE8A1BD9CBA2007F38A9 /* Resources */,
			);
			buildRules = (
			);
			dependencies = (
			);
			name = TimeSlowerKit;
			productName = TimeSlowerKit;
			productReference = F009AE8C1BD9CBA2007F38A9 /* TimeSlowerKit.framework */;
			productType = "com.apple.product-type.framework";
		};
		F009AED21BD9CEA4007F38A9 /* TimeSlowerKitTests */ = {
			isa = PBXNativeTarget;
			buildConfigurationList = F009AEDB1BD9CEA4007F38A9 /* Build configuration list for PBXNativeTarget "TimeSlowerKitTests" */;
			buildPhases = (
				F009AECF1BD9CEA4007F38A9 /* Sources */,
				F009AED01BD9CEA4007F38A9 /* Frameworks */,
				F009AED11BD9CEA4007F38A9 /* Resources */,
			);
			buildRules = (
			);
			dependencies = (
				F009AEDA1BD9CEA4007F38A9 /* PBXTargetDependency */,
			);
			name = TimeSlowerKitTests;
			productName = TimeSlowerKitTests;
			productReference = F009AED31BD9CEA4007F38A9 /* TimeSlowerKitTests.xctest */;
			productType = "com.apple.product-type.bundle.unit-test";
		};
/* End PBXNativeTarget section */

/* Begin PBXProject section */
		F009AE4B1BD9C5F8007F38A9 /* Project object */ = {
			isa = PBXProject;
			attributes = {
				LastSwiftMigration = 0700;
				LastSwiftUpdateCheck = 0700;
				LastUpgradeCheck = 0700;
				ORGANIZATIONNAME = "Oleksandr Shcherbakov";
				TargetAttributes = {
					F009AE521BD9C5F8007F38A9 = {
						CreatedOnToolsVersion = 7.0.1;
					};
					F009AE691BD9C5F8007F38A9 = {
						CreatedOnToolsVersion = 7.0.1;
						TestTargetID = F009AE521BD9C5F8007F38A9;
					};
					F009AE741BD9C5F8007F38A9 = {
						CreatedOnToolsVersion = 7.0.1;
						TestTargetID = F009AE521BD9C5F8007F38A9;
					};
					F009AE8B1BD9CBA2007F38A9 = {
						CreatedOnToolsVersion = 7.0.1;
					};
					F009AED21BD9CEA4007F38A9 = {
						CreatedOnToolsVersion = 7.0.1;
					};
				};
			};
			buildConfigurationList = F009AE4E1BD9C5F8007F38A9 /* Build configuration list for PBXProject "TimeSlower" */;
			compatibilityVersion = "Xcode 3.2";
			developmentRegion = English;
			hasScannedForEncodings = 0;
			knownRegions = (
				en,
				Base,
			);
			mainGroup = F009AE4A1BD9C5F8007F38A9;
			productRefGroup = F009AE541BD9C5F8007F38A9 /* Products */;
			projectDirPath = "";
			projectRoot = "";
			targets = (
				F009AE521BD9C5F8007F38A9 /* TimeSlower */,
				F009AE691BD9C5F8007F38A9 /* TimeSlowerTests */,
				F009AE741BD9C5F8007F38A9 /* TimeSlowerUITests */,
				F009AE8B1BD9CBA2007F38A9 /* TimeSlowerKit */,
				F009AED21BD9CEA4007F38A9 /* TimeSlowerKitTests */,
			);
		};
/* End PBXProject section */

/* Begin PBXResourcesBuildPhase section */
		F009AE511BD9C5F8007F38A9 /* Resources */ = {
			isa = PBXResourcesBuildPhase;
			buildActionMask = 2147483647;
			files = (
				F009AF181BDADE19007F38A9 /* SourceSansPro-Black.ttf in Resources */,
				F009AF1C1BDADE19007F38A9 /* SourceSansPro-Semibold.ttf in Resources */,
				F009AF241BDAE4BE007F38A9 /* Stats.storyboard in Resources */,
				F009AF831BDB1935007F38A9 /* ChartView.xib in Resources */,
				F009AF8C1BDB1935007F38A9 /* ListTypeSelector.xib in Resources */,
				F009AF881BDB1935007F38A9 /* DefaultActivitySelector.xib in Resources */,
				F009AF931BDB1935007F38A9 /* TypeSelector.xib in Resources */,
				F009AE641BD9C5F8007F38A9 /* LaunchScreen.storyboard in Resources */,
				F009AF201BDADED8007F38A9 /* Menu.storyboard in Resources */,
				F009AF191BDADE19007F38A9 /* SourceSansPro-Bold.ttf in Resources */,
				F009AF391BDB0FEA007F38A9 /* Profile.storyboard in Resources */,
				F009AF5F1BDB12D9007F38A9 /* CountryPicker.bundle in Resources */,
				F009AF1B1BDADE19007F38A9 /* SourceSansPro-Regular.ttf in Resources */,
				F009AF911BDB1935007F38A9 /* TimeSaver.xib in Resources */,
				F009AF8A1BDB1935007F38A9 /* DefaultActivitySelectorCell.xib in Resources */,
				F009AF371BDB0F45007F38A9 /* Activities.storyboard in Resources */,
				F009AF1A1BDADE19007F38A9 /* SourceSansPro-Light.ttf in Resources */,
				F009AF811BDB1935007F38A9 /* BasisSelector.xib in Resources */,
				F009AE611BD9C5F8007F38A9 /* Assets.xcassets in Resources */,
				F009AE5C1BD9C5F8007F38A9 /* Main.storyboard in Resources */,
				F009AF861BDB1935007F38A9 /* DaySelector.xib in Resources */,
				F009AF8E1BDB1935007F38A9 /* StandardActivityCell.xib in Resources */,
			);
			runOnlyForDeploymentPostprocessing = 0;
		};
		F009AE681BD9C5F8007F38A9 /* Resources */ = {
			isa = PBXResourcesBuildPhase;
			buildActionMask = 2147483647;
			files = (
			);
			runOnlyForDeploymentPostprocessing = 0;
		};
		F009AE731BD9C5F8007F38A9 /* Resources */ = {
			isa = PBXResourcesBuildPhase;
			buildActionMask = 2147483647;
			files = (
			);
			runOnlyForDeploymentPostprocessing = 0;
		};
		F009AE8A1BD9CBA2007F38A9 /* Resources */ = {
			isa = PBXResourcesBuildPhase;
			buildActionMask = 2147483647;
			files = (
				F009AECB1BD9CD49007F38A9 /* ISOCodes.txt in Resources */,
				F009AECC1BD9CD49007F38A9 /* LifeExpacity2013.txt in Resources */,
			);
			runOnlyForDeploymentPostprocessing = 0;
		};
		F009AED11BD9CEA4007F38A9 /* Resources */ = {
			isa = PBXResourcesBuildPhase;
			buildActionMask = 2147483647;
			files = (
				F009AF001BD9CF57007F38A9 /* ISOCodes.txt in Resources */,
				F009AF011BD9CF57007F38A9 /* LifeExpacity2013.txt in Resources */,
			);
			runOnlyForDeploymentPostprocessing = 0;
		};
/* End PBXResourcesBuildPhase section */

/* Begin PBXSourcesBuildPhase section */
		F009AE4F1BD9C5F8007F38A9 /* Sources */ = {
			isa = PBXSourcesBuildPhase;
			buildActionMask = 2147483647;
			files = (
				F009AF921BDB1935007F38A9 /* TypeSelector.swift in Sources */,
				F009AF481BDB1061007F38A9 /* DotsPageViewController.swift in Sources */,
				F009AE571BD9C5F8007F38A9 /* AppDelegate.swift in Sources */,
				F009AF4B1BDB1061007F38A9 /* ListOfActivitiesVC.swift in Sources */,
				F009AF2B1BDAE571007F38A9 /* MainScreenVC.swift in Sources */,
				F009AF601BDB12D9007F38A9 /* CountryPicker.m in Sources */,
				F009AF8F1BDB1935007F38A9 /* TimerExtension.swift in Sources */,
				F009AF801BDB1935007F38A9 /* BasisSelector.swift in Sources */,
				F009AF891BDB1935007F38A9 /* DefaultActivitySelectorCell.swift in Sources */,
				F009AF821BDB1935007F38A9 /* ChartView.swift in Sources */,
				F009AF851BDB1935007F38A9 /* DaySelector.swift in Sources */,
				F009AF491BDB1061007F38A9 /* EditActivityVC.swift in Sources */,
				F009AF901BDB1935007F38A9 /* TimeSaver.swift in Sources */,
				F009AF671BDB13E5007F38A9 /* CircularTimer.m in Sources */,
				F009AF681BDB13E5007F38A9 /* MZTimerLabel.m in Sources */,
				F009AF871BDB1935007F38A9 /* DefaultActivitySelector.swift in Sources */,
				F009AF291BDAE571007F38A9 /* CircleStatsVC.swift in Sources */,
				F009AF221BDAE39F007F38A9 /* MenuVC.swift in Sources */,
				F009AF471BDB1061007F38A9 /* ActivityStatsVCConstraints.swift in Sources */,
				F009AF4D1BDB1061007F38A9 /* ShareVC.swift in Sources */,
				F009AF841BDB1935007F38A9 /* CircleProgress.swift in Sources */,
				F009AF521BDB10A6007F38A9 /* ProfileEditingVC.swift in Sources */,
				F009AF451BDB1061007F38A9 /* ActivityMotivationVCConstraints.swift in Sources */,
				F009AF551BDB10A6007F38A9 /* ProfileStatsVCConstraints.swift in Sources */,
				F009AF331BDB0E1D007F38A9 /* Constants.swift in Sources */,
				F009AF8B1BDB1935007F38A9 /* ListTypeSelector.swift in Sources */,
				F009AF2C1BDAE571007F38A9 /* MainScreenVCConstraints.swift in Sources */,
				F009AF351BDB0E9D007F38A9 /* NotificationManager.swift in Sources */,
				F009AF441BDB1061007F38A9 /* ActivityMotivationVC.swift in Sources */,
				F009AF591BDB123A007F38A9 /* Motivator.swift in Sources */,
				F009AF8D1BDB1935007F38A9 /* StandardActivityCell.swift in Sources */,
				F009AF541BDB10A6007F38A9 /* ProfileStatsVC.swift in Sources */,
				F009AF4C1BDB1061007F38A9 /* ListOfActivitiesVCConstraints.swift in Sources */,
				F009AF461BDB1061007F38A9 /* ActivityStatsVC.swift in Sources */,
				F009AF2A1BDAE571007F38A9 /* MainScreenContainerVC.swift in Sources */,
				F009AF6B1BDB18E3007F38A9 /* NotificationRegister.swift in Sources */,
				F009AF531BDB10A6007F38A9 /* ProfileEditingVCConstraints.swift in Sources */,
				F009AF4A1BDB1061007F38A9 /* EditActivityVCConstraints.swift in Sources */,
			);
			runOnlyForDeploymentPostprocessing = 0;
		};
		F009AE661BD9C5F8007F38A9 /* Sources */ = {
			isa = PBXSourcesBuildPhase;
			buildActionMask = 2147483647;
			files = (
				F009AE6F1BD9C5F8007F38A9 /* TimeSlowerTests.swift in Sources */,
			);
			runOnlyForDeploymentPostprocessing = 0;
		};
		F009AE711BD9C5F8007F38A9 /* Sources */ = {
			isa = PBXSourcesBuildPhase;
			buildActionMask = 2147483647;
			files = (
				F009AE7A1BD9C5F8007F38A9 /* TimeSlowerUITests.swift in Sources */,
			);
			runOnlyForDeploymentPostprocessing = 0;
		};
		F009AE871BD9CBA2007F38A9 /* Sources */ = {
			isa = PBXSourcesBuildPhase;
			buildActionMask = 2147483647;
			files = (
				F009AEB61BD9CC86007F38A9 /* Activity.swift in Sources */,
				F009AECD1BD9CD49007F38A9 /* TimeSlower2.xcdatamodeld in Sources */,
				F009AEBE1BD9CC86007F38A9 /* Stats.swift in Sources */,
				F009AEBF1BD9CC86007F38A9 /* StatsManage.swift in Sources */,
				F009AF2F1BDAE61B007F38A9 /* UIColor+Extension.swift in Sources */,
				F009AEBB1BD9CC86007F38A9 /* Profile.swift in Sources */,
				F009AEBC1BD9CC86007F38A9 /* ProfileManageActivities.swift in Sources */,
				F009AEB81BD9CC86007F38A9 /* ActivityNotifications.swift in Sources */,
				F009AEC41BD9CD25007F38A9 /* CoreDataStack.swift in Sources */,
				F009AF311BDB0D60007F38A9 /* Float+Double+Extension.swift in Sources */,
				F009AF061BDAA020007F38A9 /* NSDate+Extension.swift in Sources */,
				F009AEC61BD9CD34007F38A9 /* LazyCalendar.swift in Sources */,
				F009AEBD1BD9CC86007F38A9 /* ProfileManageStats.swift in Sources */,
				F009AEBA1BD9CC86007F38A9 /* DayResultsManage.swift in Sources */,
				F009AF571BDB10FF007F38A9 /* NSObject+Extension.swift in Sources */,
				F009AEC01BD9CC86007F38A9 /* Timing.swift in Sources */,
				F009AEB71BD9CC86007F38A9 /* ActivityManage.swift in Sources */,
				F009AEC11BD9CC86007F38A9 /* TimingManage.swift in Sources */,
				F009AEB91BD9CC86007F38A9 /* DayResults.swift in Sources */,
			);
			runOnlyForDeploymentPostprocessing = 0;
		};
		F009AECF1BD9CEA4007F38A9 /* Sources */ = {
			isa = PBXSourcesBuildPhase;
			buildActionMask = 2147483647;
			files = (
				F009AEEA1BD9CF21007F38A9 /* DayResultsManageTest.swift in Sources */,
				F009AEF61BD9CF4A007F38A9 /* DayResultsManage.swift in Sources */,
				F009AEF11BD9CF21007F38A9 /* TimingManageTest.swift in Sources */,
				F009AEE11BD9CF11007F38A9 /* ActivityManageTest.swift in Sources */,
				F009AEF81BD9CF4A007F38A9 /* ProfileManageActivities.swift in Sources */,
				F009AEFA1BD9CF4A007F38A9 /* Stats.swift in Sources */,
				F009AEEF1BD9CF21007F38A9 /* TestCoreDataStack.swift in Sources */,
				F009AEFE1BD9CF53007F38A9 /* LazyCalendar.swift in Sources */,
				F009AEF41BD9CF4A007F38A9 /* ActivityNotifications.swift in Sources */,
				F009AEEC1BD9CF21007F38A9 /* ProfileManageActivitiesTest.swift in Sources */,
				F009AF021BD9CF5B007F38A9 /* TimeSlower2.xcdatamodeld in Sources */,
				F009AEED1BD9CF21007F38A9 /* ProfileManageStatsTest.swift in Sources */,
				F009AEF71BD9CF4A007F38A9 /* Profile.swift in Sources */,
				F009AEFB1BD9CF4A007F38A9 /* StatsManage.swift in Sources */,
				F009AEEB1BD9CF21007F38A9 /* LazyCalendarTests.swift in Sources */,
				F009AEFF1BD9CF53007F38A9 /* CoreDataStack.swift in Sources */,
				F009AEF91BD9CF4A007F38A9 /* ProfileManageStats.swift in Sources */,
				F009AEFC1BD9CF4A007F38A9 /* Timing.swift in Sources */,
				F009AEF31BD9CF4A007F38A9 /* ActivityManage.swift in Sources */,
				F009AEF21BD9CF4A007F38A9 /* Activity.swift in Sources */,
				F009AEEE1BD9CF21007F38A9 /* StatsManageTest.swift in Sources */,
				F009AEFD1BD9CF4A007F38A9 /* TimingManage.swift in Sources */,
				F009AEF51BD9CF4A007F38A9 /* DayResults.swift in Sources */,
			);
			runOnlyForDeploymentPostprocessing = 0;
		};
/* End PBXSourcesBuildPhase section */

/* Begin PBXTargetDependency section */
		F009AE6C1BD9C5F8007F38A9 /* PBXTargetDependency */ = {
			isa = PBXTargetDependency;
			target = F009AE521BD9C5F8007F38A9 /* TimeSlower */;
			targetProxy = F009AE6B1BD9C5F8007F38A9 /* PBXContainerItemProxy */;
		};
		F009AE771BD9C5F8007F38A9 /* PBXTargetDependency */ = {
			isa = PBXTargetDependency;
			target = F009AE521BD9C5F8007F38A9 /* TimeSlower */;
			targetProxy = F009AE761BD9C5F8007F38A9 /* PBXContainerItemProxy */;
		};
		F009AEA01BD9CBA2007F38A9 /* PBXTargetDependency */ = {
			isa = PBXTargetDependency;
			target = F009AE8B1BD9CBA2007F38A9 /* TimeSlowerKit */;
			targetProxy = F009AE9F1BD9CBA2007F38A9 /* PBXContainerItemProxy */;
		};
		F009AEDA1BD9CEA4007F38A9 /* PBXTargetDependency */ = {
			isa = PBXTargetDependency;
			target = F009AE8B1BD9CBA2007F38A9 /* TimeSlowerKit */;
			targetProxy = F009AED91BD9CEA4007F38A9 /* PBXContainerItemProxy */;
		};
/* End PBXTargetDependency section */

/* Begin PBXVariantGroup section */
		F009AE5A1BD9C5F8007F38A9 /* Main.storyboard */ = {
			isa = PBXVariantGroup;
			children = (
				F009AE5B1BD9C5F8007F38A9 /* Base */,
			);
			name = Main.storyboard;
			sourceTree = "<group>";
		};
		F009AE621BD9C5F8007F38A9 /* LaunchScreen.storyboard */ = {
			isa = PBXVariantGroup;
			children = (
				F009AE631BD9C5F8007F38A9 /* Base */,
			);
			name = LaunchScreen.storyboard;
			sourceTree = "<group>";
		};
/* End PBXVariantGroup section */

/* Begin XCBuildConfiguration section */
		F009AE7C1BD9C5F8007F38A9 /* Debug */ = {
			isa = XCBuildConfiguration;
			buildSettings = {
				ALWAYS_SEARCH_USER_PATHS = NO;
				CLANG_CXX_LANGUAGE_STANDARD = "gnu++0x";
				CLANG_CXX_LIBRARY = "libc++";
				CLANG_ENABLE_MODULES = YES;
				CLANG_ENABLE_OBJC_ARC = YES;
				CLANG_WARN_BOOL_CONVERSION = YES;
				CLANG_WARN_CONSTANT_CONVERSION = YES;
				CLANG_WARN_DIRECT_OBJC_ISA_USAGE = YES_ERROR;
				CLANG_WARN_EMPTY_BODY = YES;
				CLANG_WARN_ENUM_CONVERSION = YES;
				CLANG_WARN_INT_CONVERSION = YES;
				CLANG_WARN_OBJC_ROOT_CLASS = YES_ERROR;
				CLANG_WARN_UNREACHABLE_CODE = YES;
				CLANG_WARN__DUPLICATE_METHOD_MATCH = YES;
				"CODE_SIGN_IDENTITY[sdk=iphoneos*]" = "iPhone Developer";
				COPY_PHASE_STRIP = NO;
				DEBUG_INFORMATION_FORMAT = dwarf;
				ENABLE_STRICT_OBJC_MSGSEND = YES;
				ENABLE_TESTABILITY = YES;
				GCC_C_LANGUAGE_STANDARD = gnu99;
				GCC_DYNAMIC_NO_PIC = NO;
				GCC_NO_COMMON_BLOCKS = YES;
				GCC_OPTIMIZATION_LEVEL = 0;
				GCC_PREPROCESSOR_DEFINITIONS = (
					"DEBUG=1",
					"$(inherited)",
				);
				GCC_WARN_64_TO_32_BIT_CONVERSION = YES;
				GCC_WARN_ABOUT_RETURN_TYPE = YES_ERROR;
				GCC_WARN_UNDECLARED_SELECTOR = YES;
				GCC_WARN_UNINITIALIZED_AUTOS = YES_AGGRESSIVE;
				GCC_WARN_UNUSED_FUNCTION = YES;
				GCC_WARN_UNUSED_VARIABLE = YES;
				IPHONEOS_DEPLOYMENT_TARGET = 9.0;
				MTL_ENABLE_DEBUG_INFO = YES;
				ONLY_ACTIVE_ARCH = YES;
				SDKROOT = iphoneos;
				SWIFT_OPTIMIZATION_LEVEL = "-Onone";
				TARGETED_DEVICE_FAMILY = "1,2";
			};
			name = Debug;
		};
		F009AE7D1BD9C5F8007F38A9 /* Release */ = {
			isa = XCBuildConfiguration;
			buildSettings = {
				ALWAYS_SEARCH_USER_PATHS = NO;
				CLANG_CXX_LANGUAGE_STANDARD = "gnu++0x";
				CLANG_CXX_LIBRARY = "libc++";
				CLANG_ENABLE_MODULES = YES;
				CLANG_ENABLE_OBJC_ARC = YES;
				CLANG_WARN_BOOL_CONVERSION = YES;
				CLANG_WARN_CONSTANT_CONVERSION = YES;
				CLANG_WARN_DIRECT_OBJC_ISA_USAGE = YES_ERROR;
				CLANG_WARN_EMPTY_BODY = YES;
				CLANG_WARN_ENUM_CONVERSION = YES;
				CLANG_WARN_INT_CONVERSION = YES;
				CLANG_WARN_OBJC_ROOT_CLASS = YES_ERROR;
				CLANG_WARN_UNREACHABLE_CODE = YES;
				CLANG_WARN__DUPLICATE_METHOD_MATCH = YES;
				"CODE_SIGN_IDENTITY[sdk=iphoneos*]" = "iPhone Developer";
				COPY_PHASE_STRIP = NO;
				DEBUG_INFORMATION_FORMAT = "dwarf-with-dsym";
				ENABLE_NS_ASSERTIONS = NO;
				ENABLE_STRICT_OBJC_MSGSEND = YES;
				GCC_C_LANGUAGE_STANDARD = gnu99;
				GCC_NO_COMMON_BLOCKS = YES;
				GCC_WARN_64_TO_32_BIT_CONVERSION = YES;
				GCC_WARN_ABOUT_RETURN_TYPE = YES_ERROR;
				GCC_WARN_UNDECLARED_SELECTOR = YES;
				GCC_WARN_UNINITIALIZED_AUTOS = YES_AGGRESSIVE;
				GCC_WARN_UNUSED_FUNCTION = YES;
				GCC_WARN_UNUSED_VARIABLE = YES;
				IPHONEOS_DEPLOYMENT_TARGET = 9.0;
				MTL_ENABLE_DEBUG_INFO = NO;
				SDKROOT = iphoneos;
				TARGETED_DEVICE_FAMILY = "1,2";
				VALIDATE_PRODUCT = YES;
			};
			name = Release;
		};
		F009AE7F1BD9C5F8007F38A9 /* Debug */ = {
			isa = XCBuildConfiguration;
			buildSettings = {
				ASSETCATALOG_COMPILER_APPICON_NAME = AppIcon;
				CLANG_ENABLE_MODULES = YES;
				EMBEDDED_CONTENT_CONTAINS_SWIFT = YES;
				INFOPLIST_FILE = TimeSlower/Info.plist;
				LD_RUNPATH_SEARCH_PATHS = "$(inherited) @executable_path/Frameworks";
				PRODUCT_BUNDLE_IDENTIFIER = oneLastDay.TimeSlower;
				PRODUCT_NAME = "$(TARGET_NAME)";
				SWIFT_OBJC_BRIDGING_HEADER = "TimeSlower/TimeSlower-Bridging-Header.h";
				SWIFT_OPTIMIZATION_LEVEL = "-Onone";
			};
			name = Debug;
		};
		F009AE801BD9C5F8007F38A9 /* Release */ = {
			isa = XCBuildConfiguration;
			buildSettings = {
				ASSETCATALOG_COMPILER_APPICON_NAME = AppIcon;
				CLANG_ENABLE_MODULES = YES;
				EMBEDDED_CONTENT_CONTAINS_SWIFT = YES;
				INFOPLIST_FILE = TimeSlower/Info.plist;
				LD_RUNPATH_SEARCH_PATHS = "$(inherited) @executable_path/Frameworks";
				PRODUCT_BUNDLE_IDENTIFIER = oneLastDay.TimeSlower;
				PRODUCT_NAME = "$(TARGET_NAME)";
				SWIFT_OBJC_BRIDGING_HEADER = "TimeSlower/TimeSlower-Bridging-Header.h";
			};
			name = Release;
		};
		F009AE821BD9C5F8007F38A9 /* Debug */ = {
			isa = XCBuildConfiguration;
			buildSettings = {
				BUNDLE_LOADER = "$(TEST_HOST)";
				INFOPLIST_FILE = TimeSlowerTests/Info.plist;
				LD_RUNPATH_SEARCH_PATHS = "$(inherited) @executable_path/Frameworks @loader_path/Frameworks";
				PRODUCT_BUNDLE_IDENTIFIER = oneLastDay.TimeSlowerTests;
				PRODUCT_NAME = "$(TARGET_NAME)";
				TEST_HOST = "$(BUILT_PRODUCTS_DIR)/TimeSlower.app/TimeSlower";
			};
			name = Debug;
		};
		F009AE831BD9C5F8007F38A9 /* Release */ = {
			isa = XCBuildConfiguration;
			buildSettings = {
				BUNDLE_LOADER = "$(TEST_HOST)";
				INFOPLIST_FILE = TimeSlowerTests/Info.plist;
				LD_RUNPATH_SEARCH_PATHS = "$(inherited) @executable_path/Frameworks @loader_path/Frameworks";
				PRODUCT_BUNDLE_IDENTIFIER = oneLastDay.TimeSlowerTests;
				PRODUCT_NAME = "$(TARGET_NAME)";
				TEST_HOST = "$(BUILT_PRODUCTS_DIR)/TimeSlower.app/TimeSlower";
			};
			name = Release;
		};
		F009AE851BD9C5F8007F38A9 /* Debug */ = {
			isa = XCBuildConfiguration;
			buildSettings = {
				INFOPLIST_FILE = TimeSlowerUITests/Info.plist;
				LD_RUNPATH_SEARCH_PATHS = "$(inherited) @executable_path/Frameworks @loader_path/Frameworks";
				PRODUCT_BUNDLE_IDENTIFIER = oneLastDay.TimeSlowerUITests;
				PRODUCT_NAME = "$(TARGET_NAME)";
				TEST_TARGET_NAME = TimeSlower;
				USES_XCTRUNNER = YES;
			};
			name = Debug;
		};
		F009AE861BD9C5F8007F38A9 /* Release */ = {
			isa = XCBuildConfiguration;
			buildSettings = {
				INFOPLIST_FILE = TimeSlowerUITests/Info.plist;
				LD_RUNPATH_SEARCH_PATHS = "$(inherited) @executable_path/Frameworks @loader_path/Frameworks";
				PRODUCT_BUNDLE_IDENTIFIER = oneLastDay.TimeSlowerUITests;
				PRODUCT_NAME = "$(TARGET_NAME)";
				TEST_TARGET_NAME = TimeSlower;
				USES_XCTRUNNER = YES;
			};
			name = Release;
		};
		F009AEA41BD9CBA2007F38A9 /* Debug */ = {
			isa = XCBuildConfiguration;
			buildSettings = {
				CLANG_ENABLE_MODULES = YES;
				CURRENT_PROJECT_VERSION = 1;
				DEFINES_MODULE = YES;
				DYLIB_COMPATIBILITY_VERSION = 1;
				DYLIB_CURRENT_VERSION = 1;
				DYLIB_INSTALL_NAME_BASE = "@rpath";
				INFOPLIST_FILE = TimeSlowerKit/Info.plist;
				INSTALL_PATH = "$(LOCAL_LIBRARY_DIR)/Frameworks";
				LD_RUNPATH_SEARCH_PATHS = "$(inherited) @executable_path/Frameworks @loader_path/Frameworks";
				PRODUCT_BUNDLE_IDENTIFIER = oneLastDay.TimeSlowerKit;
				PRODUCT_NAME = "$(TARGET_NAME)";
				SKIP_INSTALL = YES;
				SWIFT_OPTIMIZATION_LEVEL = "-Onone";
				VERSIONING_SYSTEM = "apple-generic";
				VERSION_INFO_PREFIX = "";
			};
			name = Debug;
		};
		F009AEA51BD9CBA2007F38A9 /* Release */ = {
			isa = XCBuildConfiguration;
			buildSettings = {
				CLANG_ENABLE_MODULES = YES;
				CURRENT_PROJECT_VERSION = 1;
				DEFINES_MODULE = YES;
				DYLIB_COMPATIBILITY_VERSION = 1;
				DYLIB_CURRENT_VERSION = 1;
				DYLIB_INSTALL_NAME_BASE = "@rpath";
				INFOPLIST_FILE = TimeSlowerKit/Info.plist;
				INSTALL_PATH = "$(LOCAL_LIBRARY_DIR)/Frameworks";
				LD_RUNPATH_SEARCH_PATHS = "$(inherited) @executable_path/Frameworks @loader_path/Frameworks";
				PRODUCT_BUNDLE_IDENTIFIER = oneLastDay.TimeSlowerKit;
				PRODUCT_NAME = "$(TARGET_NAME)";
				SKIP_INSTALL = YES;
				VERSIONING_SYSTEM = "apple-generic";
				VERSION_INFO_PREFIX = "";
			};
			name = Release;
		};
		F009AEDC1BD9CEA4007F38A9 /* Debug */ = {
			isa = XCBuildConfiguration;
			buildSettings = {
				INFOPLIST_FILE = TimeSlowerKitTests/Info.plist;
				LD_RUNPATH_SEARCH_PATHS = "$(inherited) @executable_path/Frameworks @loader_path/Frameworks";
				PRODUCT_BUNDLE_IDENTIFIER = oneLastDay.TimeSlowerKitTests;
				PRODUCT_NAME = "$(TARGET_NAME)";
			};
			name = Debug;
		};
		F009AEDD1BD9CEA4007F38A9 /* Release */ = {
			isa = XCBuildConfiguration;
			buildSettings = {
				INFOPLIST_FILE = TimeSlowerKitTests/Info.plist;
				LD_RUNPATH_SEARCH_PATHS = "$(inherited) @executable_path/Frameworks @loader_path/Frameworks";
				PRODUCT_BUNDLE_IDENTIFIER = oneLastDay.TimeSlowerKitTests;
				PRODUCT_NAME = "$(TARGET_NAME)";
			};
			name = Release;
		};
/* End XCBuildConfiguration section */

/* Begin XCConfigurationList section */
		F009AE4E1BD9C5F8007F38A9 /* Build configuration list for PBXProject "TimeSlower" */ = {
			isa = XCConfigurationList;
			buildConfigurations = (
				F009AE7C1BD9C5F8007F38A9 /* Debug */,
				F009AE7D1BD9C5F8007F38A9 /* Release */,
			);
			defaultConfigurationIsVisible = 0;
			defaultConfigurationName = Release;
		};
		F009AE7E1BD9C5F8007F38A9 /* Build configuration list for PBXNativeTarget "TimeSlower" */ = {
			isa = XCConfigurationList;
			buildConfigurations = (
				F009AE7F1BD9C5F8007F38A9 /* Debug */,
				F009AE801BD9C5F8007F38A9 /* Release */,
			);
			defaultConfigurationIsVisible = 0;
		};
		F009AE811BD9C5F8007F38A9 /* Build configuration list for PBXNativeTarget "TimeSlowerTests" */ = {
			isa = XCConfigurationList;
			buildConfigurations = (
				F009AE821BD9C5F8007F38A9 /* Debug */,
				F009AE831BD9C5F8007F38A9 /* Release */,
			);
			defaultConfigurationIsVisible = 0;
		};
		F009AE841BD9C5F8007F38A9 /* Build configuration list for PBXNativeTarget "TimeSlowerUITests" */ = {
			isa = XCConfigurationList;
			buildConfigurations = (
				F009AE851BD9C5F8007F38A9 /* Debug */,
				F009AE861BD9C5F8007F38A9 /* Release */,
			);
			defaultConfigurationIsVisible = 0;
		};
		F009AEA31BD9CBA2007F38A9 /* Build configuration list for PBXNativeTarget "TimeSlowerKit" */ = {
			isa = XCConfigurationList;
			buildConfigurations = (
				F009AEA41BD9CBA2007F38A9 /* Debug */,
				F009AEA51BD9CBA2007F38A9 /* Release */,
			);
			defaultConfigurationIsVisible = 0;
		};
		F009AEDB1BD9CEA4007F38A9 /* Build configuration list for PBXNativeTarget "TimeSlowerKitTests" */ = {
			isa = XCConfigurationList;
			buildConfigurations = (
				F009AEDC1BD9CEA4007F38A9 /* Debug */,
				F009AEDD1BD9CEA4007F38A9 /* Release */,
			);
			defaultConfigurationIsVisible = 0;
		};
/* End XCConfigurationList section */

/* Begin XCVersionGroup section */
		F009AEC91BD9CD49007F38A9 /* TimeSlower2.xcdatamodeld */ = {
			isa = XCVersionGroup;
			children = (
				F009AECA1BD9CD49007F38A9 /* TimeSlower2.xcdatamodel */,
			);
			currentVersion = F009AECA1BD9CD49007F38A9 /* TimeSlower2.xcdatamodel */;
			path = TimeSlower2.xcdatamodeld;
			sourceTree = "<group>";
			versionGroupType = wrapper.xcdatamodel;
		};
/* End XCVersionGroup section */
	};
	rootObject = F009AE4B1BD9C5F8007F38A9 /* Project object */;
}
